// !$*UTF8*$!
{
	archiveVersion = 1;
	classes = {
	};
	objectVersion = 53;
	objects = {

/* Begin PBXAggregateTarget section */
		C54954903A4074D7B1D4E68F /* juce_mmm_synth - All */ = {
			isa = PBXAggregateTarget;
			buildConfigurationList = 44945456C6CEAF669D416E75 /* Build configuration list for PBXAggregateTarget "juce_mmm_synth - All" */;
			buildPhases = (
			);
			dependencies = (
				C431F4589F125D7C6D2DEC89 /* PBXTargetDependency */,
				C33380947A2F106430F3FE6C /* PBXTargetDependency */,
				E72E21CC7DAEEED430F3C10D /* PBXTargetDependency */,
			);
			name = "juce_mmm_synth - All";
			productName = juce_mmm_synth;
		};
/* End PBXAggregateTarget section */

/* Begin PBXBuildFile section */
		09FE399FDA92A99224772612 /* PluginProcessor.cpp in Sources */ = {isa = PBXBuildFile; fileRef = 1C14ED589505B8D25A51DCD5 /* PluginProcessor.cpp */; };
		11A66F706CB4DDED119303B5 /* CoreAudio.framework in Frameworks */ = {isa = PBXBuildFile; fileRef = AD1F414AE8BE501AE20BEFCB /* CoreAudio.framework */; };
		15CAE09FC0610BA464AE1294 /* QuartzCore.framework in Frameworks */ = {isa = PBXBuildFile; fileRef = 898BDE37583699A7BAA17C5F /* QuartzCore.framework */; };
		15F99D2AD0F44F3477E61892 /* DiscRecording.framework in Frameworks */ = {isa = PBXBuildFile; fileRef = 661AF50B30A33D5737067137 /* DiscRecording.framework */; };
		1933BF38F91D58A3FA178602 /* PluginEditor.cpp in Sources */ = {isa = PBXBuildFile; fileRef = 6ACDC26123A98F838EE85C5E /* PluginEditor.cpp */; };
		1E0AF76A6847D0CB05F25E90 /* include_juce_dsp.mm in Sources */ = {isa = PBXBuildFile; fileRef = 6A3A761AF7FCEED318E1578A /* include_juce_dsp.mm */; };
		2148404192970A52264B8A2B /* include_juce_audio_utils.mm in Sources */ = {isa = PBXBuildFile; fileRef = DB38D27C8EBAD1D4906C5D97 /* include_juce_audio_utils.mm */; };
		247D49451439D1C9A2EFE4BA /* include_juce_osc.cpp in Sources */ = {isa = PBXBuildFile; fileRef = 58F1F1E48254BB48F9EC76CD /* include_juce_osc.cpp */; };
		2B0C8185B1D24FA5A6D639CB /* include_juce_audio_processors_ara.cpp in Sources */ = {isa = PBXBuildFile; fileRef = F00920E339A9FE77BEFE0A2B /* include_juce_audio_processors_ara.cpp */; };
		2E24F2CEA628F594AF1690EB /* include_juce_data_structures.mm in Sources */ = {isa = PBXBuildFile; fileRef = CAD0678A5B385750805B0C58 /* include_juce_data_structures.mm */; };
		3ED2B5810087B1FF343E597F /* Accelerate.framework in Frameworks */ = {isa = PBXBuildFile; fileRef = 729BC6A1B5445171D1585D1E /* Accelerate.framework */; };
		3FAF6A0C099F2785D6435E33 /* include_juce_audio_plugin_client_VST_utils.mm in Sources */ = {isa = PBXBuildFile; fileRef = E48277BBAE2B2B5406D5A99D /* include_juce_audio_plugin_client_VST_utils.mm */; };
		4005F6377545FBF898D6FC40 /* Cocoa.framework in Frameworks */ = {isa = PBXBuildFile; fileRef = 675D9B0E751F4DB54726F4E4 /* Cocoa.framework */; };
		42B0033F2A6422BA004285D8 /* RecentFilesMenuTemplate.nib in Resources */ = {isa = PBXBuildFile; fileRef = ABEAF6C235BA3B76DE445555 /* RecentFilesMenuTemplate.nib */; };
		42B003402A6422BA004285D8 /* Accelerate.framework in Frameworks */ = {isa = PBXBuildFile; fileRef = 729BC6A1B5445171D1585D1E /* Accelerate.framework */; };
		42B003412A6422BA004285D8 /* AudioToolbox.framework in Frameworks */ = {isa = PBXBuildFile; fileRef = 22BB34181FDCE0463EFC5395 /* AudioToolbox.framework */; };
		42B003422A6422BA004285D8 /* Cocoa.framework in Frameworks */ = {isa = PBXBuildFile; fileRef = 675D9B0E751F4DB54726F4E4 /* Cocoa.framework */; };
		42B003432A6422BA004285D8 /* CoreAudio.framework in Frameworks */ = {isa = PBXBuildFile; fileRef = AD1F414AE8BE501AE20BEFCB /* CoreAudio.framework */; };
		42B003442A6422BA004285D8 /* CoreAudioKit.framework in Frameworks */ = {isa = PBXBuildFile; fileRef = 00BA8B20D27E0A5512CD4301 /* CoreAudioKit.framework */; };
		42B003452A6422BA004285D8 /* CoreMIDI.framework in Frameworks */ = {isa = PBXBuildFile; fileRef = 011446F4B6890B54DE9F0E6E /* CoreMIDI.framework */; };
		42B003462A6422BA004285D8 /* DiscRecording.framework in Frameworks */ = {isa = PBXBuildFile; fileRef = 661AF50B30A33D5737067137 /* DiscRecording.framework */; };
		42B003472A6422BA004285D8 /* Foundation.framework in Frameworks */ = {isa = PBXBuildFile; fileRef = 77AC5D69B637EFC472EB4AD9 /* Foundation.framework */; };
		42B003482A6422BA004285D8 /* IOKit.framework in Frameworks */ = {isa = PBXBuildFile; fileRef = E2CBE206AEBE37969793A3E5 /* IOKit.framework */; };
		42B003492A6422BA004285D8 /* QuartzCore.framework in Frameworks */ = {isa = PBXBuildFile; fileRef = 898BDE37583699A7BAA17C5F /* QuartzCore.framework */; };
		42B0034A2A6422BA004285D8 /* WebKit.framework in Frameworks */ = {isa = PBXBuildFile; fileRef = 1CE59E72AEB3728B239DB877 /* WebKit.framework */; };
		4A37B628B159BC75E21D8309 /* Foundation.framework in Frameworks */ = {isa = PBXBuildFile; fileRef = 77AC5D69B637EFC472EB4AD9 /* Foundation.framework */; };
		4D637A8157167D0837B895D5 /* CoreMIDI.framework in Frameworks */ = {isa = PBXBuildFile; fileRef = 011446F4B6890B54DE9F0E6E /* CoreMIDI.framework */; };
		642EC7D16FAFB857D24B37E9 /* WebKit.framework in Frameworks */ = {isa = PBXBuildFile; fileRef = 1CE59E72AEB3728B239DB877 /* WebKit.framework */; };
		73A5523910AB2998E4108987 /* include_juce_audio_processors.mm in Sources */ = {isa = PBXBuildFile; fileRef = 96F750019D9945CD11C0F04D /* include_juce_audio_processors.mm */; };
		777379E635C1E7BCA0F44212 /* AudioToolbox.framework in Frameworks */ = {isa = PBXBuildFile; fileRef = 22BB34181FDCE0463EFC5395 /* AudioToolbox.framework */; };
		7AF007E10BFBB8177BAF6C58 /* IOKit.framework in Frameworks */ = {isa = PBXBuildFile; fileRef = E2CBE206AEBE37969793A3E5 /* IOKit.framework */; };
		7F15DBE59027033859F1640D /* include_juce_events.mm in Sources */ = {isa = PBXBuildFile; fileRef = BE6941AB7D1EDC6E35745C8E /* include_juce_events.mm */; };
		84C5D1849E4F1EA1F692FDF3 /* include_juce_audio_plugin_client_ARA.cpp in Sources */ = {isa = PBXBuildFile; fileRef = 5A55E1D9DD698D2811549E0C /* include_juce_audio_plugin_client_ARA.cpp */; };
		A7A2CD6A9A7A51A1A873E8E8 /* RecentFilesMenuTemplate.nib in Resources */ = {isa = PBXBuildFile; fileRef = ABEAF6C235BA3B76DE445555 /* RecentFilesMenuTemplate.nib */; };
		AF274AAD2E81FB952D3569D6 /* include_juce_audio_plugin_client_VST3.cpp in Sources */ = {isa = PBXBuildFile; fileRef = 215C2BBDB8A8B4872B6B53A3 /* include_juce_audio_plugin_client_VST3.cpp */; };
		B328BB23F22960AD8C449FDE /* include_juce_audio_devices.mm in Sources */ = {isa = PBXBuildFile; fileRef = 47D973051B64F405D65FA0EC /* include_juce_audio_devices.mm */; };
		B331E58A95D1ACD15EC9FB09 /* include_juce_audio_plugin_client_Standalone.cpp in Sources */ = {isa = PBXBuildFile; fileRef = E1C9414A3C3F05864B97DF52 /* include_juce_audio_plugin_client_Standalone.cpp */; };
		B4370BC2500F0E82490CB660 /* include_juce_audio_basics.mm in Sources */ = {isa = PBXBuildFile; fileRef = FB27CECE46A5CD0694B00281 /* include_juce_audio_basics.mm */; };
		B87B1126D7B0467133C08884 /* include_juce_gui_basics.mm in Sources */ = {isa = PBXBuildFile; fileRef = 7E757D544E571CFB08818787 /* include_juce_gui_basics.mm */; };
		C97F066F40E89453D64A0E55 /* include_juce_gui_extra.mm in Sources */ = {isa = PBXBuildFile; fileRef = 48047A3769398E1B500AA631 /* include_juce_gui_extra.mm */; };
		CC7C5A0D331D8DB3F1A376D5 /* include_juce_core.mm in Sources */ = {isa = PBXBuildFile; fileRef = 22A047226CA341B7D37301AF /* include_juce_core.mm */; };
		DD5FA37B524481273B219DF7 /* include_juce_graphics.mm in Sources */ = {isa = PBXBuildFile; fileRef = 69BD85B8E2AF52B90D6BFD85 /* include_juce_graphics.mm */; };
		DDC2755F152E0222678AE891 /* CoreAudioKit.framework in Frameworks */ = {isa = PBXBuildFile; fileRef = 00BA8B20D27E0A5512CD4301 /* CoreAudioKit.framework */; };
		E933D0BF29F4B8EA6536B20A /* SynthVoice.cpp in Sources */ = {isa = PBXBuildFile; fileRef = 31B1CD82DAFEB6EC0B9EFA9C /* SynthVoice.cpp */; };
		E938723F4757B35788531A2E /* include_juce_audio_formats.mm in Sources */ = {isa = PBXBuildFile; fileRef = FA68939C76B618A217F31CE0 /* include_juce_audio_formats.mm */; };
		EBE287467F9396C8E2D002C8 /* include_juce_audio_plugin_client_utils.cpp in Sources */ = {isa = PBXBuildFile; fileRef = 987A7228E331B476A363EF50 /* include_juce_audio_plugin_client_utils.cpp */; };
		F895C36113A08618176385CF /* include_juce_audio_processors_lv2_libs.cpp in Sources */ = {isa = PBXBuildFile; fileRef = B0295FBC88352FE45D9D5C26 /* include_juce_audio_processors_lv2_libs.cpp */; };
/* End PBXBuildFile section */

/* Begin PBXContainerItemProxy section */
		42B0034B2A6422BC004285D8 /* PBXContainerItemProxy */ = {
			isa = PBXContainerItemProxy;
			containerPortal = 5D6D403CE16869966338CE6A /* Project object */;
			proxyType = 1;
			remoteGlobalIDString = F6BCEE21B37211FE370D3726;
			remoteInfo = "juce_mmm_synth - Shared Code";
		};
		42B0034C2A6422BC004285D8 /* PBXContainerItemProxy */ = {
			isa = PBXContainerItemProxy;
			containerPortal = 5D6D403CE16869966338CE6A /* Project object */;
			proxyType = 1;
			remoteGlobalIDString = F6BCEE21B37211FE370D3726;
			remoteInfo = "juce_mmm_synth - Shared Code";
		};
		42B0034D2A6422BC004285D8 /* PBXContainerItemProxy */ = {
			isa = PBXContainerItemProxy;
			containerPortal = 5D6D403CE16869966338CE6A /* Project object */;
			proxyType = 1;
			remoteGlobalIDString = FCDD6C772B3BEA6C9DFA0587;
			remoteInfo = "juce_mmm_synth - VST3";
		};
		42B0034E2A6422BC004285D8 /* PBXContainerItemProxy */ = {
			isa = PBXContainerItemProxy;
			containerPortal = 5D6D403CE16869966338CE6A /* Project object */;
			proxyType = 1;
			remoteGlobalIDString = A9EE0F309F72D249F3B212BB;
			remoteInfo = "juce_mmm_synth - Standalone Plugin";
		};
		42B0034F2A6422BC004285D8 /* PBXContainerItemProxy */ = {
			isa = PBXContainerItemProxy;
			containerPortal = 5D6D403CE16869966338CE6A /* Project object */;
			proxyType = 1;
			remoteGlobalIDString = F6BCEE21B37211FE370D3726;
			remoteInfo = "juce_mmm_synth - Shared Code";
		};
/* End PBXContainerItemProxy section */

/* Begin PBXFileReference section */
		00BA8B20D27E0A5512CD4301 /* CoreAudioKit.framework */ = {isa = PBXFileReference; lastKnownFileType = wrapper.framework; name = CoreAudioKit.framework; path = System/Library/Frameworks/CoreAudioKit.framework; sourceTree = SDKROOT; };
		011446F4B6890B54DE9F0E6E /* CoreMIDI.framework */ = {isa = PBXFileReference; lastKnownFileType = wrapper.framework; name = CoreMIDI.framework; path = System/Library/Frameworks/CoreMIDI.framework; sourceTree = SDKROOT; };
		1A4630D9C2A916DFDD04BA9D /* JucePluginDefines.h */ = {isa = PBXFileReference; lastKnownFileType = sourcecode.c.h; name = JucePluginDefines.h; path = ../../JuceLibraryCode/JucePluginDefines.h; sourceTree = SOURCE_ROOT; };
		1C14ED589505B8D25A51DCD5 /* PluginProcessor.cpp */ = {isa = PBXFileReference; lastKnownFileType = sourcecode.cpp.cpp; name = PluginProcessor.cpp; path = ../../Source/PluginProcessor.cpp; sourceTree = SOURCE_ROOT; };
		1CADABA1C712D5D30CF5A338 /* juce_audio_processors */ = {isa = PBXFileReference; lastKnownFileType = folder; name = juce_audio_processors; path = "/Users/ocordes/JUCE/JUCE-7.0.5/modules/juce_audio_processors"; sourceTree = "<absolute>"; };
		1CE59E72AEB3728B239DB877 /* WebKit.framework */ = {isa = PBXFileReference; lastKnownFileType = wrapper.framework; name = WebKit.framework; path = System/Library/Frameworks/WebKit.framework; sourceTree = SDKROOT; };
		215C2BBDB8A8B4872B6B53A3 /* include_juce_audio_plugin_client_VST3.cpp */ = {isa = PBXFileReference; lastKnownFileType = sourcecode.cpp.cpp; name = include_juce_audio_plugin_client_VST3.cpp; path = ../../JuceLibraryCode/include_juce_audio_plugin_client_VST3.cpp; sourceTree = SOURCE_ROOT; };
		22A047226CA341B7D37301AF /* include_juce_core.mm */ = {isa = PBXFileReference; lastKnownFileType = sourcecode.cpp.objcpp; name = include_juce_core.mm; path = ../../JuceLibraryCode/include_juce_core.mm; sourceTree = SOURCE_ROOT; };
		22BB34181FDCE0463EFC5395 /* AudioToolbox.framework */ = {isa = PBXFileReference; lastKnownFileType = wrapper.framework; name = AudioToolbox.framework; path = System/Library/Frameworks/AudioToolbox.framework; sourceTree = SDKROOT; };
		31B1CD82DAFEB6EC0B9EFA9C /* SynthVoice.cpp */ = {isa = PBXFileReference; lastKnownFileType = sourcecode.cpp.cpp; name = SynthVoice.cpp; path = ../../Source/SynthVoice.cpp; sourceTree = SOURCE_ROOT; };
		43B4560F7888FC47724ABAF7 /* libjuce_mmm_synth.a */ = {isa = PBXFileReference; explicitFileType = archive.ar; includeInIndex = 0; path = libjuce_mmm_synth.a; sourceTree = BUILT_PRODUCTS_DIR; };
		460DA26ED0BC9D47331085EC /* juce_events */ = {isa = PBXFileReference; lastKnownFileType = folder; name = juce_events; path = "/Users/ocordes/JUCE/JUCE-7.0.5/modules/juce_events"; sourceTree = "<absolute>"; };
		47D973051B64F405D65FA0EC /* include_juce_audio_devices.mm */ = {isa = PBXFileReference; lastKnownFileType = sourcecode.cpp.objcpp; name = include_juce_audio_devices.mm; path = ../../JuceLibraryCode/include_juce_audio_devices.mm; sourceTree = SOURCE_ROOT; };
		48047A3769398E1B500AA631 /* include_juce_gui_extra.mm */ = {isa = PBXFileReference; lastKnownFileType = sourcecode.cpp.objcpp; name = include_juce_gui_extra.mm; path = ../../JuceLibraryCode/include_juce_gui_extra.mm; sourceTree = SOURCE_ROOT; };
		4EB8C886F9E99DAB1C9C389D /* SynthSound.h */ = {isa = PBXFileReference; lastKnownFileType = sourcecode.c.h; name = SynthSound.h; path = ../../Source/SynthSound.h; sourceTree = SOURCE_ROOT; };
		58F1F1E48254BB48F9EC76CD /* include_juce_osc.cpp */ = {isa = PBXFileReference; lastKnownFileType = sourcecode.cpp.cpp; name = include_juce_osc.cpp; path = ../../JuceLibraryCode/include_juce_osc.cpp; sourceTree = SOURCE_ROOT; };
		5A55E1D9DD698D2811549E0C /* include_juce_audio_plugin_client_ARA.cpp */ = {isa = PBXFileReference; lastKnownFileType = sourcecode.cpp.cpp; name = include_juce_audio_plugin_client_ARA.cpp; path = ../../JuceLibraryCode/include_juce_audio_plugin_client_ARA.cpp; sourceTree = SOURCE_ROOT; };
		5AD5C24155B1174CAF97E43F /* juce_osc */ = {isa = PBXFileReference; lastKnownFileType = folder; name = juce_osc; path = "/Users/ocordes/JUCE/JUCE-7.0.5/modules/juce_osc"; sourceTree = "<absolute>"; };
		625C429C20B3F3A000E4E4EA /* juce_audio_utils */ = {isa = PBXFileReference; lastKnownFileType = folder; name = juce_audio_utils; path = "/Users/ocordes/JUCE/JUCE-7.0.5/modules/juce_audio_utils"; sourceTree = "<absolute>"; };
		661AF50B30A33D5737067137 /* DiscRecording.framework */ = {isa = PBXFileReference; lastKnownFileType = wrapper.framework; name = DiscRecording.framework; path = System/Library/Frameworks/DiscRecording.framework; sourceTree = SDKROOT; };
		675D9B0E751F4DB54726F4E4 /* Cocoa.framework */ = {isa = PBXFileReference; lastKnownFileType = wrapper.framework; name = Cocoa.framework; path = System/Library/Frameworks/Cocoa.framework; sourceTree = SDKROOT; };
		69BD85B8E2AF52B90D6BFD85 /* include_juce_graphics.mm */ = {isa = PBXFileReference; lastKnownFileType = sourcecode.cpp.objcpp; name = include_juce_graphics.mm; path = ../../JuceLibraryCode/include_juce_graphics.mm; sourceTree = SOURCE_ROOT; };
		6A3A761AF7FCEED318E1578A /* include_juce_dsp.mm */ = {isa = PBXFileReference; lastKnownFileType = sourcecode.cpp.objcpp; name = include_juce_dsp.mm; path = ../../JuceLibraryCode/include_juce_dsp.mm; sourceTree = SOURCE_ROOT; };
		6ACDC26123A98F838EE85C5E /* PluginEditor.cpp */ = {isa = PBXFileReference; lastKnownFileType = sourcecode.cpp.cpp; name = PluginEditor.cpp; path = ../../Source/PluginEditor.cpp; sourceTree = SOURCE_ROOT; };
		6EEF91A332F81868702F5CAB /* SynthVoice.h */ = {isa = PBXFileReference; lastKnownFileType = sourcecode.c.h; name = SynthVoice.h; path = ../../Source/SynthVoice.h; sourceTree = SOURCE_ROOT; };
		6F377F12049EF44499D4EA70 /* juce_mmm_synth.vst3 */ = {isa = PBXFileReference; explicitFileType = wrapper.cfbundle; includeInIndex = 0; path = juce_mmm_synth.vst3; sourceTree = BUILT_PRODUCTS_DIR; };
		729BC6A1B5445171D1585D1E /* Accelerate.framework */ = {isa = PBXFileReference; lastKnownFileType = wrapper.framework; name = Accelerate.framework; path = System/Library/Frameworks/Accelerate.framework; sourceTree = SDKROOT; };
		77AC5D69B637EFC472EB4AD9 /* Foundation.framework */ = {isa = PBXFileReference; lastKnownFileType = wrapper.framework; name = Foundation.framework; path = System/Library/Frameworks/Foundation.framework; sourceTree = SDKROOT; };
		7E757D544E571CFB08818787 /* include_juce_gui_basics.mm */ = {isa = PBXFileReference; lastKnownFileType = sourcecode.cpp.objcpp; name = include_juce_gui_basics.mm; path = ../../JuceLibraryCode/include_juce_gui_basics.mm; sourceTree = SOURCE_ROOT; };
		803C5E5539C0C0BF138B9D14 /* PluginEditor.h */ = {isa = PBXFileReference; lastKnownFileType = sourcecode.c.h; name = PluginEditor.h; path = ../../Source/PluginEditor.h; sourceTree = SOURCE_ROOT; };
		881CF3BC0E3D6C1BD0443DC0 /* juce_gui_extra */ = {isa = PBXFileReference; lastKnownFileType = folder; name = juce_gui_extra; path = "/Users/ocordes/JUCE/JUCE-7.0.5/modules/juce_gui_extra"; sourceTree = "<absolute>"; };
		898BDE37583699A7BAA17C5F /* QuartzCore.framework */ = {isa = PBXFileReference; lastKnownFileType = wrapper.framework; name = QuartzCore.framework; path = System/Library/Frameworks/QuartzCore.framework; sourceTree = SDKROOT; };
		8D76EC2B30189C9F74235359 /* juce_data_structures */ = {isa = PBXFileReference; lastKnownFileType = folder; name = juce_data_structures; path = "/Users/ocordes/JUCE/JUCE-7.0.5/modules/juce_data_structures"; sourceTree = "<absolute>"; };
		904675C74DAA484C6221D023 /* juce_audio_formats */ = {isa = PBXFileReference; lastKnownFileType = folder; name = juce_audio_formats; path = "/Users/ocordes/JUCE/JUCE-7.0.5/modules/juce_audio_formats"; sourceTree = "<absolute>"; };
		96F750019D9945CD11C0F04D /* include_juce_audio_processors.mm */ = {isa = PBXFileReference; lastKnownFileType = sourcecode.cpp.objcpp; name = include_juce_audio_processors.mm; path = ../../JuceLibraryCode/include_juce_audio_processors.mm; sourceTree = SOURCE_ROOT; };
		987A7228E331B476A363EF50 /* include_juce_audio_plugin_client_utils.cpp */ = {isa = PBXFileReference; lastKnownFileType = sourcecode.cpp.cpp; name = include_juce_audio_plugin_client_utils.cpp; path = ../../JuceLibraryCode/include_juce_audio_plugin_client_utils.cpp; sourceTree = SOURCE_ROOT; };
		9B9B283200C0D405B7455C0D /* juce_dsp */ = {isa = PBXFileReference; lastKnownFileType = folder; name = juce_dsp; path = "/Users/ocordes/JUCE/JUCE-7.0.5/modules/juce_dsp"; sourceTree = "<absolute>"; };
		9CF4080A25C516DBF220F85E /* juce_audio_devices */ = {isa = PBXFileReference; lastKnownFileType = folder; name = juce_audio_devices; path = "/Users/ocordes/JUCE/JUCE-7.0.5/modules/juce_audio_devices"; sourceTree = "<absolute>"; };
		A6EF1DE08EA49943B30BAE38 /* JuceHeader.h */ = {isa = PBXFileReference; lastKnownFileType = sourcecode.c.h; name = JuceHeader.h; path = ../../JuceLibraryCode/JuceHeader.h; sourceTree = SOURCE_ROOT; };
		A924DF16EEBF6BDB1A102B13 /* juce_core */ = {isa = PBXFileReference; lastKnownFileType = folder; name = juce_core; path = "/Users/ocordes/JUCE/JUCE-7.0.5/modules/juce_core"; sourceTree = "<absolute>"; };
		ABEAF6C235BA3B76DE445555 /* RecentFilesMenuTemplate.nib */ = {isa = PBXFileReference; lastKnownFileType = file.nib; path = RecentFilesMenuTemplate.nib; sourceTree = SOURCE_ROOT; };
		AD1F414AE8BE501AE20BEFCB /* CoreAudio.framework */ = {isa = PBXFileReference; lastKnownFileType = wrapper.framework; name = CoreAudio.framework; path = System/Library/Frameworks/CoreAudio.framework; sourceTree = SDKROOT; };
		B0295FBC88352FE45D9D5C26 /* include_juce_audio_processors_lv2_libs.cpp */ = {isa = PBXFileReference; lastKnownFileType = sourcecode.cpp.cpp; name = include_juce_audio_processors_lv2_libs.cpp; path = ../../JuceLibraryCode/include_juce_audio_processors_lv2_libs.cpp; sourceTree = SOURCE_ROOT; };
		BE6941AB7D1EDC6E35745C8E /* include_juce_events.mm */ = {isa = PBXFileReference; lastKnownFileType = sourcecode.cpp.objcpp; name = include_juce_events.mm; path = ../../JuceLibraryCode/include_juce_events.mm; sourceTree = SOURCE_ROOT; };
		CA7BDF5271854177ADA75F3C /* Info-Standalone_Plugin.plist */ = {isa = PBXFileReference; lastKnownFileType = text.plist.xml; path = "Info-Standalone_Plugin.plist"; sourceTree = SOURCE_ROOT; };
		CAD0678A5B385750805B0C58 /* include_juce_data_structures.mm */ = {isa = PBXFileReference; lastKnownFileType = sourcecode.cpp.objcpp; name = include_juce_data_structures.mm; path = ../../JuceLibraryCode/include_juce_data_structures.mm; sourceTree = SOURCE_ROOT; };
		D7C1171B9CF036F4E111E50E /* juce_graphics */ = {isa = PBXFileReference; lastKnownFileType = folder; name = juce_graphics; path = "/Users/ocordes/JUCE/JUCE-7.0.5/modules/juce_graphics"; sourceTree = "<absolute>"; };
		DB38D27C8EBAD1D4906C5D97 /* include_juce_audio_utils.mm */ = {isa = PBXFileReference; lastKnownFileType = sourcecode.cpp.objcpp; name = include_juce_audio_utils.mm; path = ../../JuceLibraryCode/include_juce_audio_utils.mm; sourceTree = SOURCE_ROOT; };
		E06EBBB050C07C44FCF84C8B /* juce_gui_basics */ = {isa = PBXFileReference; lastKnownFileType = folder; name = juce_gui_basics; path = "/Users/ocordes/JUCE/JUCE-7.0.5/modules/juce_gui_basics"; sourceTree = "<absolute>"; };
		E1C9414A3C3F05864B97DF52 /* include_juce_audio_plugin_client_Standalone.cpp */ = {isa = PBXFileReference; lastKnownFileType = sourcecode.cpp.cpp; name = include_juce_audio_plugin_client_Standalone.cpp; path = ../../JuceLibraryCode/include_juce_audio_plugin_client_Standalone.cpp; sourceTree = SOURCE_ROOT; };
		E2CBE206AEBE37969793A3E5 /* IOKit.framework */ = {isa = PBXFileReference; lastKnownFileType = wrapper.framework; name = IOKit.framework; path = System/Library/Frameworks/IOKit.framework; sourceTree = SDKROOT; };
		E48277BBAE2B2B5406D5A99D /* include_juce_audio_plugin_client_VST_utils.mm */ = {isa = PBXFileReference; lastKnownFileType = sourcecode.cpp.objcpp; name = include_juce_audio_plugin_client_VST_utils.mm; path = ../../JuceLibraryCode/include_juce_audio_plugin_client_VST_utils.mm; sourceTree = SOURCE_ROOT; };
		E8A08428DD1D950C8E89E810 /* PluginProcessor.h */ = {isa = PBXFileReference; lastKnownFileType = sourcecode.c.h; name = PluginProcessor.h; path = ../../Source/PluginProcessor.h; sourceTree = SOURCE_ROOT; };
		E932E47793728E96EBC3D3AE /* Info-VST3.plist */ = {isa = PBXFileReference; lastKnownFileType = text.plist.xml; path = "Info-VST3.plist"; sourceTree = SOURCE_ROOT; };
		ECFC17AF32FB6ADDE1DFE4D5 /* juce_mmm_synth.app */ = {isa = PBXFileReference; explicitFileType = wrapper.application; includeInIndex = 0; path = juce_mmm_synth.app; sourceTree = BUILT_PRODUCTS_DIR; };
		ED285BA6A3DF859A1BD7D9FA /* juce_audio_plugin_client */ = {isa = PBXFileReference; lastKnownFileType = folder; name = juce_audio_plugin_client; path = "/Users/ocordes/JUCE/JUCE-7.0.5/modules/juce_audio_plugin_client"; sourceTree = "<absolute>"; };
		F00920E339A9FE77BEFE0A2B /* include_juce_audio_processors_ara.cpp */ = {isa = PBXFileReference; lastKnownFileType = sourcecode.cpp.cpp; name = include_juce_audio_processors_ara.cpp; path = ../../JuceLibraryCode/include_juce_audio_processors_ara.cpp; sourceTree = SOURCE_ROOT; };
		F5B18D9B663B6FF599B8C6A0 /* juce_audio_basics */ = {isa = PBXFileReference; lastKnownFileType = folder; name = juce_audio_basics; path = "/Users/ocordes/JUCE/JUCE-7.0.5/modules/juce_audio_basics"; sourceTree = "<absolute>"; };
		FA68939C76B618A217F31CE0 /* include_juce_audio_formats.mm */ = {isa = PBXFileReference; lastKnownFileType = sourcecode.cpp.objcpp; name = include_juce_audio_formats.mm; path = ../../JuceLibraryCode/include_juce_audio_formats.mm; sourceTree = SOURCE_ROOT; };
		FB27CECE46A5CD0694B00281 /* include_juce_audio_basics.mm */ = {isa = PBXFileReference; lastKnownFileType = sourcecode.cpp.objcpp; name = include_juce_audio_basics.mm; path = ../../JuceLibraryCode/include_juce_audio_basics.mm; sourceTree = SOURCE_ROOT; };
/* End PBXFileReference section */

/* Begin PBXFrameworksBuildPhase section */
		8B2E18B92E27E0FD136B49A4 /* Frameworks */ = {
			isa = PBXFrameworksBuildPhase;
			buildActionMask = 2147483647;
			files = (
				42B003402A6422BA004285D8 /* Accelerate.framework in Frameworks */,
				42B003412A6422BA004285D8 /* AudioToolbox.framework in Frameworks */,
				42B003422A6422BA004285D8 /* Cocoa.framework in Frameworks */,
				42B003432A6422BA004285D8 /* CoreAudio.framework in Frameworks */,
				42B003442A6422BA004285D8 /* CoreAudioKit.framework in Frameworks */,
				42B003452A6422BA004285D8 /* CoreMIDI.framework in Frameworks */,
				42B003462A6422BA004285D8 /* DiscRecording.framework in Frameworks */,
				42B003472A6422BA004285D8 /* Foundation.framework in Frameworks */,
				42B003482A6422BA004285D8 /* IOKit.framework in Frameworks */,
				42B003492A6422BA004285D8 /* QuartzCore.framework in Frameworks */,
				42B0034A2A6422BA004285D8 /* WebKit.framework in Frameworks */,
			);
			runOnlyForDeploymentPostprocessing = 0;
		};
		AB0D35701CCC1A90404040CE /* Frameworks */ = {
			isa = PBXFrameworksBuildPhase;
			buildActionMask = 2147483647;
			files = (
				3ED2B5810087B1FF343E597F /* Accelerate.framework in Frameworks */,
				777379E635C1E7BCA0F44212 /* AudioToolbox.framework in Frameworks */,
				4005F6377545FBF898D6FC40 /* Cocoa.framework in Frameworks */,
				11A66F706CB4DDED119303B5 /* CoreAudio.framework in Frameworks */,
				DDC2755F152E0222678AE891 /* CoreAudioKit.framework in Frameworks */,
				4D637A8157167D0837B895D5 /* CoreMIDI.framework in Frameworks */,
				15F99D2AD0F44F3477E61892 /* DiscRecording.framework in Frameworks */,
				4A37B628B159BC75E21D8309 /* Foundation.framework in Frameworks */,
				7AF007E10BFBB8177BAF6C58 /* IOKit.framework in Frameworks */,
				15CAE09FC0610BA464AE1294 /* QuartzCore.framework in Frameworks */,
				642EC7D16FAFB857D24B37E9 /* WebKit.framework in Frameworks */,
			);
			runOnlyForDeploymentPostprocessing = 0;
		};
/* End PBXFrameworksBuildPhase section */

/* Begin PBXGroup section */
		29431996BB1923EA16303952 /* Source */ = {
			isa = PBXGroup;
			children = (
				31B1CD82DAFEB6EC0B9EFA9C /* SynthVoice.cpp */,
				4EB8C886F9E99DAB1C9C389D /* SynthSound.h */,
				6EEF91A332F81868702F5CAB /* SynthVoice.h */,
				1C14ED589505B8D25A51DCD5 /* PluginProcessor.cpp */,
				E8A08428DD1D950C8E89E810 /* PluginProcessor.h */,
				6ACDC26123A98F838EE85C5E /* PluginEditor.cpp */,
				803C5E5539C0C0BF138B9D14 /* PluginEditor.h */,
			);
			name = Source;
			sourceTree = "<group>";
		};
		526F447F17188FCCDC67F4F9 /* JUCE Modules */ = {
			isa = PBXGroup;
			children = (
				F5B18D9B663B6FF599B8C6A0 /* juce_audio_basics */,
				9CF4080A25C516DBF220F85E /* juce_audio_devices */,
				904675C74DAA484C6221D023 /* juce_audio_formats */,
				ED285BA6A3DF859A1BD7D9FA /* juce_audio_plugin_client */,
				1CADABA1C712D5D30CF5A338 /* juce_audio_processors */,
				625C429C20B3F3A000E4E4EA /* juce_audio_utils */,
				A924DF16EEBF6BDB1A102B13 /* juce_core */,
				8D76EC2B30189C9F74235359 /* juce_data_structures */,
				9B9B283200C0D405B7455C0D /* juce_dsp */,
				460DA26ED0BC9D47331085EC /* juce_events */,
				D7C1171B9CF036F4E111E50E /* juce_graphics */,
				E06EBBB050C07C44FCF84C8B /* juce_gui_basics */,
				881CF3BC0E3D6C1BD0443DC0 /* juce_gui_extra */,
				5AD5C24155B1174CAF97E43F /* juce_osc */,
			);
			name = "JUCE Modules";
			sourceTree = "<group>";
		};
		7804B35D37634295D6D702AD /* Source */ = {
			isa = PBXGroup;
			children = (
				EAA9260A80CF0AF182ADAB64 /* juce_mmm_synth */,
				526F447F17188FCCDC67F4F9 /* JUCE Modules */,
				B7A7D95423F10DBC9781D10D /* JUCE Library Code */,
				E9B1985811DF18774489AA67 /* Resources */,
				E2A419E54A0803468904C357 /* Frameworks */,
				C9B156A21CD20B9345C0D6A1 /* Products */,
			);
			name = Source;
			sourceTree = "<group>";
		};
		B7A7D95423F10DBC9781D10D /* JUCE Library Code */ = {
			isa = PBXGroup;
			children = (
				FB27CECE46A5CD0694B00281 /* include_juce_audio_basics.mm */,
				47D973051B64F405D65FA0EC /* include_juce_audio_devices.mm */,
				FA68939C76B618A217F31CE0 /* include_juce_audio_formats.mm */,
				5A55E1D9DD698D2811549E0C /* include_juce_audio_plugin_client_ARA.cpp */,
				E1C9414A3C3F05864B97DF52 /* include_juce_audio_plugin_client_Standalone.cpp */,
				987A7228E331B476A363EF50 /* include_juce_audio_plugin_client_utils.cpp */,
				E48277BBAE2B2B5406D5A99D /* include_juce_audio_plugin_client_VST_utils.mm */,
				215C2BBDB8A8B4872B6B53A3 /* include_juce_audio_plugin_client_VST3.cpp */,
				96F750019D9945CD11C0F04D /* include_juce_audio_processors.mm */,
				F00920E339A9FE77BEFE0A2B /* include_juce_audio_processors_ara.cpp */,
				B0295FBC88352FE45D9D5C26 /* include_juce_audio_processors_lv2_libs.cpp */,
				DB38D27C8EBAD1D4906C5D97 /* include_juce_audio_utils.mm */,
				22A047226CA341B7D37301AF /* include_juce_core.mm */,
				CAD0678A5B385750805B0C58 /* include_juce_data_structures.mm */,
				6A3A761AF7FCEED318E1578A /* include_juce_dsp.mm */,
				BE6941AB7D1EDC6E35745C8E /* include_juce_events.mm */,
				69BD85B8E2AF52B90D6BFD85 /* include_juce_graphics.mm */,
				7E757D544E571CFB08818787 /* include_juce_gui_basics.mm */,
				48047A3769398E1B500AA631 /* include_juce_gui_extra.mm */,
				58F1F1E48254BB48F9EC76CD /* include_juce_osc.cpp */,
				A6EF1DE08EA49943B30BAE38 /* JuceHeader.h */,
				1A4630D9C2A916DFDD04BA9D /* JucePluginDefines.h */,
			);
			name = "JUCE Library Code";
			sourceTree = "<group>";
		};
		C9B156A21CD20B9345C0D6A1 /* Products */ = {
			isa = PBXGroup;
			children = (
				6F377F12049EF44499D4EA70 /* juce_mmm_synth.vst3 */,
				ECFC17AF32FB6ADDE1DFE4D5 /* juce_mmm_synth.app */,
				43B4560F7888FC47724ABAF7 /* libjuce_mmm_synth.a */,
			);
			name = Products;
			sourceTree = "<group>";
		};
		E2A419E54A0803468904C357 /* Frameworks */ = {
			isa = PBXGroup;
			children = (
				729BC6A1B5445171D1585D1E /* Accelerate.framework */,
				22BB34181FDCE0463EFC5395 /* AudioToolbox.framework */,
				675D9B0E751F4DB54726F4E4 /* Cocoa.framework */,
				AD1F414AE8BE501AE20BEFCB /* CoreAudio.framework */,
				00BA8B20D27E0A5512CD4301 /* CoreAudioKit.framework */,
				011446F4B6890B54DE9F0E6E /* CoreMIDI.framework */,
				661AF50B30A33D5737067137 /* DiscRecording.framework */,
				77AC5D69B637EFC472EB4AD9 /* Foundation.framework */,
				E2CBE206AEBE37969793A3E5 /* IOKit.framework */,
				898BDE37583699A7BAA17C5F /* QuartzCore.framework */,
				1CE59E72AEB3728B239DB877 /* WebKit.framework */,
			);
			name = Frameworks;
			sourceTree = "<group>";
		};
		E9B1985811DF18774489AA67 /* Resources */ = {
			isa = PBXGroup;
			children = (
				E932E47793728E96EBC3D3AE /* Info-VST3.plist */,
				CA7BDF5271854177ADA75F3C /* Info-Standalone_Plugin.plist */,
				ABEAF6C235BA3B76DE445555 /* RecentFilesMenuTemplate.nib */,
			);
			name = Resources;
			sourceTree = "<group>";
		};
		EAA9260A80CF0AF182ADAB64 /* juce_mmm_synth */ = {
			isa = PBXGroup;
			children = (
				29431996BB1923EA16303952 /* Source */,
			);
			name = juce_mmm_synth;
			sourceTree = "<group>";
		};
/* End PBXGroup section */

/* Begin PBXNativeTarget section */
		A9EE0F309F72D249F3B212BB /* juce_mmm_synth - Standalone Plugin */ = {
			isa = PBXNativeTarget;
			buildConfigurationList = 0F788194331ADB1B3C0B5E0E /* Build configuration list for PBXNativeTarget "juce_mmm_synth - Standalone Plugin" */;
			buildPhases = (
				CEF044F28194B3F3604F465F /* Resources */,
				F8F8AD97D02E01CC7CE2222E /* Sources */,
				8B2E18B92E27E0FD136B49A4 /* Frameworks */,
			);
			buildRules = (
			);
			dependencies = (
				60049B1ED2F5FAC53F057496 /* PBXTargetDependency */,
			);
			name = "juce_mmm_synth - Standalone Plugin";
			productName = juce_mmm_synth;
			productReference = ECFC17AF32FB6ADDE1DFE4D5 /* juce_mmm_synth.app */;
			productType = "com.apple.product-type.application";
		};
		F6BCEE21B37211FE370D3726 /* juce_mmm_synth - Shared Code */ = {
			isa = PBXNativeTarget;
			buildConfigurationList = 89E3510B626EE64D2CE9FCDD /* Build configuration list for PBXNativeTarget "juce_mmm_synth - Shared Code" */;
			buildPhases = (
				A1B70ED3BA54160EB9C02E6D /* Sources */,
			);
			buildRules = (
			);
			dependencies = (
			);
			name = "juce_mmm_synth - Shared Code";
			productName = juce_mmm_synth;
			productReference = 43B4560F7888FC47724ABAF7 /* libjuce_mmm_synth.a */;
			productType = "com.apple.product-type.library.static";
		};
		FCDD6C772B3BEA6C9DFA0587 /* juce_mmm_synth - VST3 */ = {
			isa = PBXNativeTarget;
			buildConfigurationList = 27F510261D73569B4F831D4F /* Build configuration list for PBXNativeTarget "juce_mmm_synth - VST3" */;
			buildPhases = (
				E641B923F40F63989142A548 /* Resources */,
				1F5324921D1330ABF8DAD08F /* Sources */,
				AB0D35701CCC1A90404040CE /* Frameworks */,
			);
			buildRules = (
			);
			dependencies = (
				BFE7AF910D1D1D6A76AF87E1 /* PBXTargetDependency */,
			);
			name = "juce_mmm_synth - VST3";
			productName = juce_mmm_synth;
			productReference = 6F377F12049EF44499D4EA70 /* juce_mmm_synth.vst3 */;
			productType = "com.apple.product-type.bundle";
		};
/* End PBXNativeTarget section */

/* Begin PBXProject section */
		5D6D403CE16869966338CE6A /* Project object */ = {
			isa = PBXProject;
			attributes = {
				BuildIndependentTargetsInParallel = YES;
				LastUpgradeCheck = 1430;
				ORGANIZATIONNAME = "Oliver Cordes";
				TargetAttributes = {
					A9EE0F309F72D249F3B212BB = {
						SystemCapabilities = {
							com.apple.ApplicationGroups.iOS = {
								enabled = 0;
							};
							com.apple.HardenedRuntime = {
								enabled = 0;
							};
							com.apple.InAppPurchase = {
								enabled = 0;
							};
							com.apple.InterAppAudio = {
								enabled = 0;
							};
							com.apple.Push = {
								enabled = 0;
							};
							com.apple.Sandbox = {
								enabled = 0;
							};
						};
					};
					C54954903A4074D7B1D4E68F = {
						SystemCapabilities = {
							com.apple.ApplicationGroups.iOS = {
								enabled = 0;
							};
							com.apple.HardenedRuntime = {
								enabled = 0;
							};
							com.apple.InAppPurchase = {
								enabled = 0;
							};
							com.apple.InterAppAudio = {
								enabled = 0;
							};
							com.apple.Push = {
								enabled = 0;
							};
							com.apple.Sandbox = {
								enabled = 0;
							};
						};
					};
					F6BCEE21B37211FE370D3726 = {
						SystemCapabilities = {
							com.apple.ApplicationGroups.iOS = {
								enabled = 0;
							};
							com.apple.HardenedRuntime = {
								enabled = 0;
							};
							com.apple.InAppPurchase = {
								enabled = 0;
							};
							com.apple.InterAppAudio = {
								enabled = 0;
							};
							com.apple.Push = {
								enabled = 0;
							};
							com.apple.Sandbox = {
								enabled = 0;
							};
						};
					};
					FCDD6C772B3BEA6C9DFA0587 = {
						SystemCapabilities = {
							com.apple.ApplicationGroups.iOS = {
								enabled = 0;
							};
							com.apple.HardenedRuntime = {
								enabled = 0;
							};
							com.apple.InAppPurchase = {
								enabled = 0;
							};
							com.apple.InterAppAudio = {
								enabled = 0;
							};
							com.apple.Push = {
								enabled = 0;
							};
							com.apple.Sandbox = {
								enabled = 0;
							};
						};
					};
				};
			};
			buildConfigurationList = F267125B30DD3409E4085BE1 /* Build configuration list for PBXProject "juce_mmm_synth" */;
			compatibilityVersion = "Xcode 3.2";
			developmentRegion = en;
			hasScannedForEncodings = 0;
			knownRegions = (
				en,
				Base,
			);
			mainGroup = 7804B35D37634295D6D702AD /* Source */;
			projectDirPath = "";
			projectRoot = "";
			targets = (
				C54954903A4074D7B1D4E68F /* juce_mmm_synth - All */,
				FCDD6C772B3BEA6C9DFA0587 /* juce_mmm_synth - VST3 */,
				A9EE0F309F72D249F3B212BB /* juce_mmm_synth - Standalone Plugin */,
				F6BCEE21B37211FE370D3726 /* juce_mmm_synth - Shared Code */,
			);
		};
/* End PBXProject section */

/* Begin PBXResourcesBuildPhase section */
		CEF044F28194B3F3604F465F /* Resources */ = {
			isa = PBXResourcesBuildPhase;
			buildActionMask = 2147483647;
			files = (
				42B0033F2A6422BA004285D8 /* RecentFilesMenuTemplate.nib in Resources */,
			);
			runOnlyForDeploymentPostprocessing = 0;
		};
		E641B923F40F63989142A548 /* Resources */ = {
			isa = PBXResourcesBuildPhase;
			buildActionMask = 2147483647;
			files = (
				A7A2CD6A9A7A51A1A873E8E8 /* RecentFilesMenuTemplate.nib in Resources */,
			);
			runOnlyForDeploymentPostprocessing = 0;
		};
/* End PBXResourcesBuildPhase section */

/* Begin PBXSourcesBuildPhase section */
		1F5324921D1330ABF8DAD08F /* Sources */ = {
			isa = PBXSourcesBuildPhase;
			buildActionMask = 2147483647;
			files = (
				AF274AAD2E81FB952D3569D6 /* include_juce_audio_plugin_client_VST3.cpp in Sources */,
			);
			runOnlyForDeploymentPostprocessing = 0;
		};
		A1B70ED3BA54160EB9C02E6D /* Sources */ = {
			isa = PBXSourcesBuildPhase;
			buildActionMask = 2147483647;
			files = (
				09FE399FDA92A99224772612 /* PluginProcessor.cpp in Sources */,
				1933BF38F91D58A3FA178602 /* PluginEditor.cpp in Sources */,
				E933D0BF29F4B8EA6536B20A /* SynthVoice.cpp in Sources */,
				B4370BC2500F0E82490CB660 /* include_juce_audio_basics.mm in Sources */,
				B328BB23F22960AD8C449FDE /* include_juce_audio_devices.mm in Sources */,
				E938723F4757B35788531A2E /* include_juce_audio_formats.mm in Sources */,
				84C5D1849E4F1EA1F692FDF3 /* include_juce_audio_plugin_client_ARA.cpp in Sources */,
				EBE287467F9396C8E2D002C8 /* include_juce_audio_plugin_client_utils.cpp in Sources */,
				3FAF6A0C099F2785D6435E33 /* include_juce_audio_plugin_client_VST_utils.mm in Sources */,
				73A5523910AB2998E4108987 /* include_juce_audio_processors.mm in Sources */,
				2B0C8185B1D24FA5A6D639CB /* include_juce_audio_processors_ara.cpp in Sources */,
				F895C36113A08618176385CF /* include_juce_audio_processors_lv2_libs.cpp in Sources */,
				2148404192970A52264B8A2B /* include_juce_audio_utils.mm in Sources */,
				CC7C5A0D331D8DB3F1A376D5 /* include_juce_core.mm in Sources */,
				2E24F2CEA628F594AF1690EB /* include_juce_data_structures.mm in Sources */,
				1E0AF76A6847D0CB05F25E90 /* include_juce_dsp.mm in Sources */,
				7F15DBE59027033859F1640D /* include_juce_events.mm in Sources */,
				DD5FA37B524481273B219DF7 /* include_juce_graphics.mm in Sources */,
				B87B1126D7B0467133C08884 /* include_juce_gui_basics.mm in Sources */,
				C97F066F40E89453D64A0E55 /* include_juce_gui_extra.mm in Sources */,
				247D49451439D1C9A2EFE4BA /* include_juce_osc.cpp in Sources */,
			);
			runOnlyForDeploymentPostprocessing = 0;
		};
		F8F8AD97D02E01CC7CE2222E /* Sources */ = {
			isa = PBXSourcesBuildPhase;
			buildActionMask = 2147483647;
			files = (
				B331E58A95D1ACD15EC9FB09 /* include_juce_audio_plugin_client_Standalone.cpp in Sources */,
			);
			runOnlyForDeploymentPostprocessing = 0;
		};
/* End PBXSourcesBuildPhase section */

/* Begin PBXTargetDependency section */
		60049B1ED2F5FAC53F057496 /* PBXTargetDependency */ = {
			isa = PBXTargetDependency;
			target = F6BCEE21B37211FE370D3726 /* juce_mmm_synth - Shared Code */;
			targetProxy = 42B0034C2A6422BC004285D8 /* PBXContainerItemProxy */;
		};
		BFE7AF910D1D1D6A76AF87E1 /* PBXTargetDependency */ = {
			isa = PBXTargetDependency;
			target = F6BCEE21B37211FE370D3726 /* juce_mmm_synth - Shared Code */;
			targetProxy = 42B0034B2A6422BC004285D8 /* PBXContainerItemProxy */;
		};
		C33380947A2F106430F3FE6C /* PBXTargetDependency */ = {
			isa = PBXTargetDependency;
			target = A9EE0F309F72D249F3B212BB /* juce_mmm_synth - Standalone Plugin */;
			targetProxy = 42B0034E2A6422BC004285D8 /* PBXContainerItemProxy */;
		};
		C431F4589F125D7C6D2DEC89 /* PBXTargetDependency */ = {
			isa = PBXTargetDependency;
			target = FCDD6C772B3BEA6C9DFA0587 /* juce_mmm_synth - VST3 */;
			targetProxy = 42B0034D2A6422BC004285D8 /* PBXContainerItemProxy */;
		};
		E72E21CC7DAEEED430F3C10D /* PBXTargetDependency */ = {
			isa = PBXTargetDependency;
			target = F6BCEE21B37211FE370D3726 /* juce_mmm_synth - Shared Code */;
			targetProxy = 42B0034F2A6422BC004285D8 /* PBXContainerItemProxy */;
		};
/* End PBXTargetDependency section */

/* Begin XCBuildConfiguration section */
		14F261BFADDDD3CEB84A3B7B /* Debug */ = {
			isa = XCBuildConfiguration;
			buildSettings = {
				DEAD_CODE_STRIPPING = YES;
				MACOSX_DEPLOYMENT_TARGET = "$(RECOMMENDED_MACOSX_DEPLOYMENT_TARGET)";
				SDKROOT = macosx;
			};
			name = Debug;
		};
		5EA1C6CAAB241DEF281814F3 /* Debug */ = {
			isa = XCBuildConfiguration;
			buildSettings = {
				CLANG_CXX_LANGUAGE_STANDARD = "c++17";
				CLANG_CXX_LIBRARY = "libc++";
				CLANG_LINK_OBJC_RUNTIME = NO;
				COMBINE_HIDPI_IMAGES = YES;
				CONFIGURATION_BUILD_DIR = "$(PROJECT_DIR)/build/$(CONFIGURATION)";
				COPY_PHASE_STRIP = NO;
				DEAD_CODE_STRIPPING = YES;
				DEPLOYMENT_LOCATION = YES;
				DSTROOT = /;
				EXCLUDED_ARCHS = "";
				GCC_DYNAMIC_NO_PIC = NO;
				GCC_OPTIMIZATION_LEVEL = 0;
				GCC_PREPROCESSOR_DEFINITIONS = (
					"_DEBUG=1",
					"DEBUG=1",
					"JUCE_DISPLAY_SPLASH_SCREEN=1",
					"JUCE_USE_DARK_SPLASH_SCREEN=1",
					"JUCE_PROJUCER_VERSION=0x70005",
					"JUCE_MODULE_AVAILABLE_juce_audio_basics=1",
					"JUCE_MODULE_AVAILABLE_juce_audio_devices=1",
					"JUCE_MODULE_AVAILABLE_juce_audio_formats=1",
					"JUCE_MODULE_AVAILABLE_juce_audio_plugin_client=1",
					"JUCE_MODULE_AVAILABLE_juce_audio_processors=1",
					"JUCE_MODULE_AVAILABLE_juce_audio_utils=1",
					"JUCE_MODULE_AVAILABLE_juce_core=1",
					"JUCE_MODULE_AVAILABLE_juce_data_structures=1",
					"JUCE_MODULE_AVAILABLE_juce_dsp=1",
					"JUCE_MODULE_AVAILABLE_juce_events=1",
					"JUCE_MODULE_AVAILABLE_juce_graphics=1",
					"JUCE_MODULE_AVAILABLE_juce_gui_basics=1",
					"JUCE_MODULE_AVAILABLE_juce_gui_extra=1",
					"JUCE_MODULE_AVAILABLE_juce_osc=1",
					"JUCE_GLOBAL_MODULE_SETTINGS_INCLUDED=1",
					"JUCE_VST3_CAN_REPLACE_VST2=0",
					"JUCE_STRICT_REFCOUNTEDPOINTER=1",
					"JucePlugin_Build_VST=0",
					"JucePlugin_Build_VST3=1",
					"JucePlugin_Build_AU=0",
					"JucePlugin_Build_AUv3=0",
					"JucePlugin_Build_AAX=0",
					"JucePlugin_Build_Standalone=0",
					"JucePlugin_Build_Unity=0",
					"JucePlugin_Build_LV2=0",
					"JucePlugin_Enable_IAA=0",
					"JucePlugin_Enable_ARA=0",
					"JucePlugin_Name=\\\"juce_mmm_synth\\\"",
					"JucePlugin_Desc=\\\"juce_mmm_synth\\\"",
					"JucePlugin_Manufacturer=\\\"Oliver\\ Cordes\\\"",
					"JucePlugin_ManufacturerWebsite=\\\"www.chief-ocordes.de\\\"",
					"JucePlugin_ManufacturerEmail=\\\"ocordes@gmx.net\\\"",
					"JucePlugin_ManufacturerCode=0x4d616e75",
					"JucePlugin_PluginCode=0x59346569",
					"JucePlugin_IsSynth=1",
					"JucePlugin_WantsMidiInput=1",
					"JucePlugin_ProducesMidiOutput=0",
					"JucePlugin_IsMidiEffect=0",
					"JucePlugin_EditorRequiresKeyboardFocus=0",
					"JucePlugin_Version=1.0.0",
					"JucePlugin_VersionCode=0x10000",
					"JucePlugin_VersionString=\\\"1.0.0\\\"",
					"JucePlugin_VSTUniqueID=JucePlugin_PluginCode",
					"JucePlugin_VSTCategory=kPlugCategSynth",
					"JucePlugin_Vst3Category=\\\"Instrument|Synth\\\"",
					"JucePlugin_AUMainType=\\'aumu\\'",
					"JucePlugin_AUSubType=JucePlugin_PluginCode",
					"JucePlugin_AUExportPrefix=juce_mmm_synthAU",
					"JucePlugin_AUExportPrefixQuoted=\\\"juce_mmm_synthAU\\\"",
					"JucePlugin_AUManufacturerCode=JucePlugin_ManufacturerCode",
					"JucePlugin_CFBundleIdentifier=com.OliverCordes.juce_mmm_synth",
					"JucePlugin_AAXIdentifier=com.OliverCordes.juce_mmm_synth",
					"JucePlugin_AAXManufacturerCode=JucePlugin_ManufacturerCode",
					"JucePlugin_AAXProductId=JucePlugin_PluginCode",
					"JucePlugin_AAXCategory=2048",
					"JucePlugin_AAXDisableBypass=0",
					"JucePlugin_AAXDisableMultiMono=0",
					"JucePlugin_IAAType=0x61757269",
					"JucePlugin_IAASubType=JucePlugin_PluginCode",
					"JucePlugin_IAAName=\\\"Oliver\\ Cordes:\\ juce_mmm_synth\\\"",
					"JucePlugin_VSTNumMidiInputs=16",
					"JucePlugin_VSTNumMidiOutputs=16",
					"JucePlugin_ARAContentTypes=0",
					"JucePlugin_ARATransformationFlags=0",
					"JucePlugin_ARAFactoryID=\\\"com.OliverCordes.juce_mmm_synth.factory\\\"",
					"JucePlugin_ARADocumentArchiveID=\\\"com.OliverCordes.juce_mmm_synth.aradocumentarchive.1.0.0\\\"",
					"JucePlugin_ARACompatibleArchiveIDs=\\\"\\\"",
					"JUCE_STANDALONE_APPLICATION=JucePlugin_Build_Standalone",
					"JUCER_XCODE_MAC_F6D2F4CF=1",
					"JUCE_APP_VERSION=1.0.0",
					"JUCE_APP_VERSION_HEX=0x10000",
				);
				GCC_VERSION = com.apple.compilers.llvm.clang.1_0;
				GENERATE_PKGINFO_FILE = YES;
				HEADER_SEARCH_PATHS = (
					"/Users/ocordes/JUCE/JUCE-7.0.5/modules/juce_audio_processors/format_types/VST3_SDK",
					"$(SRCROOT)/../../JuceLibraryCode",
					"/Users/ocordes/JUCE/JUCE-7.0.5/modules",
					"/Users/ocordes/JUCE/JUCE-7.0.5/modules/juce_audio_plugin_client/AU",
					"$(inherited)",
				);
				INFOPLIST_FILE = "Info-VST3.plist";
				INFOPLIST_PREPROCESS = NO;
				INSTALL_PATH = "$(HOME)/Library/Audio/Plug-Ins/VST3/";
				LIBRARY_STYLE = Bundle;
				MACOSX_DEPLOYMENT_TARGET = "$(RECOMMENDED_MACOSX_DEPLOYMENT_TARGET)";
				MTL_HEADER_SEARCH_PATHS = "/Users/ocordes/JUCE/JUCE-7.0.5/modules/juce_audio_processors/format_types/VST3_SDK $(SRCROOT)/../../JuceLibraryCode /Users/ocordes/JUCE/JUCE-7.0.5/modules /Users/ocordes/JUCE/JUCE-7.0.5/modules/juce_audio_plugin_client/AU";
				OTHER_LDFLAGS = (
					"-bundle",
					"-ljuce_mmm_synth",
					"-weak_framework",
					Metal,
					"-weak_framework",
					MetalKit,
				);
				PRODUCT_BUNDLE_IDENTIFIER = com.OliverCordes.juce_mmm_synth;
				PRODUCT_NAME = juce_mmm_synth;
				USE_HEADERMAP = NO;
				VALID_ARCHS = "i386 x86_64 arm64 arm64e";
				WRAPPER_EXTENSION = vst3;
			};
			name = Debug;
		};
		6B9A1B874B91B80D332BD43D /* Debug */ = {
			isa = XCBuildConfiguration;
			buildSettings = {
				CLANG_CXX_LANGUAGE_STANDARD = "c++17";
				CLANG_CXX_LIBRARY = "libc++";
				CLANG_LINK_OBJC_RUNTIME = NO;
				COMBINE_HIDPI_IMAGES = YES;
				CONFIGURATION_BUILD_DIR = "$(PROJECT_DIR)/build/$(CONFIGURATION)";
				COPY_PHASE_STRIP = NO;
				DEAD_CODE_STRIPPING = YES;
				EXCLUDED_ARCHS = "";
				GCC_DYNAMIC_NO_PIC = NO;
				GCC_OPTIMIZATION_LEVEL = 0;
				GCC_PREPROCESSOR_DEFINITIONS = (
					"_DEBUG=1",
					"DEBUG=1",
					"JUCE_DISPLAY_SPLASH_SCREEN=1",
					"JUCE_USE_DARK_SPLASH_SCREEN=1",
					"JUCE_PROJUCER_VERSION=0x70005",
					"JUCE_MODULE_AVAILABLE_juce_audio_basics=1",
					"JUCE_MODULE_AVAILABLE_juce_audio_devices=1",
					"JUCE_MODULE_AVAILABLE_juce_audio_formats=1",
					"JUCE_MODULE_AVAILABLE_juce_audio_plugin_client=1",
					"JUCE_MODULE_AVAILABLE_juce_audio_processors=1",
					"JUCE_MODULE_AVAILABLE_juce_audio_utils=1",
					"JUCE_MODULE_AVAILABLE_juce_core=1",
					"JUCE_MODULE_AVAILABLE_juce_data_structures=1",
					"JUCE_MODULE_AVAILABLE_juce_dsp=1",
					"JUCE_MODULE_AVAILABLE_juce_events=1",
					"JUCE_MODULE_AVAILABLE_juce_graphics=1",
					"JUCE_MODULE_AVAILABLE_juce_gui_basics=1",
					"JUCE_MODULE_AVAILABLE_juce_gui_extra=1",
					"JUCE_MODULE_AVAILABLE_juce_osc=1",
					"JUCE_GLOBAL_MODULE_SETTINGS_INCLUDED=1",
					"JUCE_VST3_CAN_REPLACE_VST2=0",
					"JUCE_STRICT_REFCOUNTEDPOINTER=1",
					"JucePlugin_Build_VST=0",
					"JucePlugin_Build_VST3=0",
					"JucePlugin_Build_AU=0",
					"JucePlugin_Build_AUv3=0",
					"JucePlugin_Build_AAX=0",
					"JucePlugin_Build_Standalone=1",
					"JucePlugin_Build_Unity=0",
					"JucePlugin_Build_LV2=0",
					"JucePlugin_Enable_IAA=0",
					"JucePlugin_Enable_ARA=0",
					"JucePlugin_Name=\\\"juce_mmm_synth\\\"",
					"JucePlugin_Desc=\\\"juce_mmm_synth\\\"",
					"JucePlugin_Manufacturer=\\\"Oliver\\ Cordes\\\"",
					"JucePlugin_ManufacturerWebsite=\\\"www.chief-ocordes.de\\\"",
					"JucePlugin_ManufacturerEmail=\\\"ocordes@gmx.net\\\"",
					"JucePlugin_ManufacturerCode=0x4d616e75",
					"JucePlugin_PluginCode=0x59346569",
					"JucePlugin_IsSynth=1",
					"JucePlugin_WantsMidiInput=1",
					"JucePlugin_ProducesMidiOutput=0",
					"JucePlugin_IsMidiEffect=0",
					"JucePlugin_EditorRequiresKeyboardFocus=0",
					"JucePlugin_Version=1.0.0",
					"JucePlugin_VersionCode=0x10000",
					"JucePlugin_VersionString=\\\"1.0.0\\\"",
					"JucePlugin_VSTUniqueID=JucePlugin_PluginCode",
					"JucePlugin_VSTCategory=kPlugCategSynth",
					"JucePlugin_Vst3Category=\\\"Instrument|Synth\\\"",
					"JucePlugin_AUMainType=\\'aumu\\'",
					"JucePlugin_AUSubType=JucePlugin_PluginCode",
					"JucePlugin_AUExportPrefix=juce_mmm_synthAU",
					"JucePlugin_AUExportPrefixQuoted=\\\"juce_mmm_synthAU\\\"",
					"JucePlugin_AUManufacturerCode=JucePlugin_ManufacturerCode",
					"JucePlugin_CFBundleIdentifier=com.OliverCordes.juce_mmm_synth",
					"JucePlugin_AAXIdentifier=com.OliverCordes.juce_mmm_synth",
					"JucePlugin_AAXManufacturerCode=JucePlugin_ManufacturerCode",
					"JucePlugin_AAXProductId=JucePlugin_PluginCode",
					"JucePlugin_AAXCategory=2048",
					"JucePlugin_AAXDisableBypass=0",
					"JucePlugin_AAXDisableMultiMono=0",
					"JucePlugin_IAAType=0x61757269",
					"JucePlugin_IAASubType=JucePlugin_PluginCode",
					"JucePlugin_IAAName=\\\"Oliver\\ Cordes:\\ juce_mmm_synth\\\"",
					"JucePlugin_VSTNumMidiInputs=16",
					"JucePlugin_VSTNumMidiOutputs=16",
					"JucePlugin_ARAContentTypes=0",
					"JucePlugin_ARATransformationFlags=0",
					"JucePlugin_ARAFactoryID=\\\"com.OliverCordes.juce_mmm_synth.factory\\\"",
					"JucePlugin_ARADocumentArchiveID=\\\"com.OliverCordes.juce_mmm_synth.aradocumentarchive.1.0.0\\\"",
					"JucePlugin_ARACompatibleArchiveIDs=\\\"\\\"",
					"JUCE_STANDALONE_APPLICATION=JucePlugin_Build_Standalone",
					"JUCER_XCODE_MAC_F6D2F4CF=1",
					"JUCE_APP_VERSION=1.0.0",
					"JUCE_APP_VERSION_HEX=0x10000",
				);
				GCC_VERSION = com.apple.compilers.llvm.clang.1_0;
				HEADER_SEARCH_PATHS = (
					"/Users/ocordes/JUCE/JUCE-7.0.5/modules/juce_audio_processors/format_types/VST3_SDK",
					"$(SRCROOT)/../../JuceLibraryCode",
					"/Users/ocordes/JUCE/JUCE-7.0.5/modules",
					"/Users/ocordes/JUCE/JUCE-7.0.5/modules/juce_audio_plugin_client/AU",
					"$(inherited)",
				);
				INFOPLIST_FILE = "Info-Standalone_Plugin.plist";
				INFOPLIST_PREPROCESS = NO;
				MACOSX_DEPLOYMENT_TARGET = "$(RECOMMENDED_MACOSX_DEPLOYMENT_TARGET)";
				MTL_HEADER_SEARCH_PATHS = "/Users/ocordes/JUCE/JUCE-7.0.5/modules/juce_audio_processors/format_types/VST3_SDK $(SRCROOT)/../../JuceLibraryCode /Users/ocordes/JUCE/JUCE-7.0.5/modules /Users/ocordes/JUCE/JUCE-7.0.5/modules/juce_audio_plugin_client/AU";
				OTHER_LDFLAGS = (
					"-ljuce_mmm_synth",
					"-weak_framework",
					Metal,
					"-weak_framework",
					MetalKit,
				);
				PRODUCT_BUNDLE_IDENTIFIER = com.OliverCordes.juce_mmm_synth;
				PRODUCT_NAME = juce_mmm_synth;
				USE_HEADERMAP = NO;
				VALID_ARCHS = "i386 x86_64 arm64 arm64e";
			};
			name = Debug;
		};
		788F5359FF138213C38F024C /* Debug */ = {
			isa = XCBuildConfiguration;
			buildSettings = {
				CLANG_CXX_LANGUAGE_STANDARD = "c++17";
				CLANG_CXX_LIBRARY = "libc++";
				CLANG_LINK_OBJC_RUNTIME = NO;
				COMBINE_HIDPI_IMAGES = YES;
				CONFIGURATION_BUILD_DIR = "$(PROJECT_DIR)/build/$(CONFIGURATION)";
				COPY_PHASE_STRIP = NO;
				DEAD_CODE_STRIPPING = YES;
				EXCLUDED_ARCHS = "";
				GCC_DYNAMIC_NO_PIC = NO;
				GCC_OPTIMIZATION_LEVEL = 0;
				GCC_PREPROCESSOR_DEFINITIONS = (
					"_DEBUG=1",
					"DEBUG=1",
					"JUCE_DISPLAY_SPLASH_SCREEN=1",
					"JUCE_USE_DARK_SPLASH_SCREEN=1",
					"JUCE_PROJUCER_VERSION=0x70005",
					"JUCE_MODULE_AVAILABLE_juce_audio_basics=1",
					"JUCE_MODULE_AVAILABLE_juce_audio_devices=1",
					"JUCE_MODULE_AVAILABLE_juce_audio_formats=1",
					"JUCE_MODULE_AVAILABLE_juce_audio_plugin_client=1",
					"JUCE_MODULE_AVAILABLE_juce_audio_processors=1",
					"JUCE_MODULE_AVAILABLE_juce_audio_utils=1",
					"JUCE_MODULE_AVAILABLE_juce_core=1",
					"JUCE_MODULE_AVAILABLE_juce_data_structures=1",
					"JUCE_MODULE_AVAILABLE_juce_dsp=1",
					"JUCE_MODULE_AVAILABLE_juce_events=1",
					"JUCE_MODULE_AVAILABLE_juce_graphics=1",
					"JUCE_MODULE_AVAILABLE_juce_gui_basics=1",
					"JUCE_MODULE_AVAILABLE_juce_gui_extra=1",
					"JUCE_MODULE_AVAILABLE_juce_osc=1",
					"JUCE_GLOBAL_MODULE_SETTINGS_INCLUDED=1",
					"JUCE_VST3_CAN_REPLACE_VST2=0",
					"JUCE_STRICT_REFCOUNTEDPOINTER=1",
					"JucePlugin_Build_VST=0",
					"JucePlugin_Build_VST3=1",
					"JucePlugin_Build_AU=0",
					"JucePlugin_Build_AUv3=0",
					"JucePlugin_Build_AAX=0",
					"JucePlugin_Build_Standalone=1",
					"JucePlugin_Build_Unity=0",
					"JucePlugin_Build_LV2=0",
					"JucePlugin_Enable_IAA=0",
					"JucePlugin_Enable_ARA=0",
					"JucePlugin_Name=\\\"juce_mmm_synth\\\"",
					"JucePlugin_Desc=\\\"juce_mmm_synth\\\"",
					"JucePlugin_Manufacturer=\\\"Oliver\\ Cordes\\\"",
					"JucePlugin_ManufacturerWebsite=\\\"www.chief-ocordes.de\\\"",
					"JucePlugin_ManufacturerEmail=\\\"ocordes@gmx.net\\\"",
					"JucePlugin_ManufacturerCode=0x4d616e75",
					"JucePlugin_PluginCode=0x59346569",
					"JucePlugin_IsSynth=1",
					"JucePlugin_WantsMidiInput=1",
					"JucePlugin_ProducesMidiOutput=0",
					"JucePlugin_IsMidiEffect=0",
					"JucePlugin_EditorRequiresKeyboardFocus=0",
					"JucePlugin_Version=1.0.0",
					"JucePlugin_VersionCode=0x10000",
					"JucePlugin_VersionString=\\\"1.0.0\\\"",
					"JucePlugin_VSTUniqueID=JucePlugin_PluginCode",
					"JucePlugin_VSTCategory=kPlugCategSynth",
					"JucePlugin_Vst3Category=\\\"Instrument|Synth\\\"",
					"JucePlugin_AUMainType=\\'aumu\\'",
					"JucePlugin_AUSubType=JucePlugin_PluginCode",
					"JucePlugin_AUExportPrefix=juce_mmm_synthAU",
					"JucePlugin_AUExportPrefixQuoted=\\\"juce_mmm_synthAU\\\"",
					"JucePlugin_AUManufacturerCode=JucePlugin_ManufacturerCode",
					"JucePlugin_CFBundleIdentifier=com.OliverCordes.juce_mmm_synth",
					"JucePlugin_AAXIdentifier=com.OliverCordes.juce_mmm_synth",
					"JucePlugin_AAXManufacturerCode=JucePlugin_ManufacturerCode",
					"JucePlugin_AAXProductId=JucePlugin_PluginCode",
					"JucePlugin_AAXCategory=2048",
					"JucePlugin_AAXDisableBypass=0",
					"JucePlugin_AAXDisableMultiMono=0",
					"JucePlugin_IAAType=0x61757269",
					"JucePlugin_IAASubType=JucePlugin_PluginCode",
					"JucePlugin_IAAName=\\\"Oliver\\ Cordes:\\ juce_mmm_synth\\\"",
					"JucePlugin_VSTNumMidiInputs=16",
					"JucePlugin_VSTNumMidiOutputs=16",
					"JucePlugin_ARAContentTypes=0",
					"JucePlugin_ARATransformationFlags=0",
					"JucePlugin_ARAFactoryID=\\\"com.OliverCordes.juce_mmm_synth.factory\\\"",
					"JucePlugin_ARADocumentArchiveID=\\\"com.OliverCordes.juce_mmm_synth.aradocumentarchive.1.0.0\\\"",
					"JucePlugin_ARACompatibleArchiveIDs=\\\"\\\"",
					"JUCE_STANDALONE_APPLICATION=JucePlugin_Build_Standalone",
					"JUCER_XCODE_MAC_F6D2F4CF=1",
					"JUCE_APP_VERSION=1.0.0",
					"JUCE_APP_VERSION_HEX=0x10000",
					"JUCE_SHARED_CODE=1",
				);
				GCC_VERSION = com.apple.compilers.llvm.clang.1_0;
				HEADER_SEARCH_PATHS = (
					"/Users/ocordes/JUCE/JUCE-7.0.5/modules/juce_audio_processors/format_types/VST3_SDK",
					"$(SRCROOT)/../../JuceLibraryCode",
					"/Users/ocordes/JUCE/JUCE-7.0.5/modules",
					"/Users/ocordes/JUCE/JUCE-7.0.5/modules/juce_audio_plugin_client/AU",
					"$(inherited)",
				);
				INSTALL_PATH = "@executable_path/../Frameworks";
				MACOSX_DEPLOYMENT_TARGET = "$(RECOMMENDED_MACOSX_DEPLOYMENT_TARGET)";
				MTL_HEADER_SEARCH_PATHS = "/Users/ocordes/JUCE/JUCE-7.0.5/modules/juce_audio_processors/format_types/VST3_SDK $(SRCROOT)/../../JuceLibraryCode /Users/ocordes/JUCE/JUCE-7.0.5/modules /Users/ocordes/JUCE/JUCE-7.0.5/modules/juce_audio_plugin_client/AU";
				OTHER_LDFLAGS = (
					"-weak_framework",
					Metal,
					"-weak_framework",
					MetalKit,
				);
				PRODUCT_BUNDLE_IDENTIFIER = com.OliverCordes.juce_mmm_synth;
				PRODUCT_NAME = juce_mmm_synth;
				SKIP_INSTALL = YES;
				USE_HEADERMAP = NO;
				VALID_ARCHS = "i386 x86_64 arm64 arm64e";
			};
			name = Debug;
		};
		7DC2F1BE0C4EEB23144F6034 /* Release */ = {
			isa = XCBuildConfiguration;
			buildSettings = {
				CLANG_CXX_LANGUAGE_STANDARD = "c++17";
				CLANG_CXX_LIBRARY = "libc++";
				CLANG_LINK_OBJC_RUNTIME = NO;
				COMBINE_HIDPI_IMAGES = YES;
				CONFIGURATION_BUILD_DIR = "$(PROJECT_DIR)/build/$(CONFIGURATION)";
				DEAD_CODE_STRIPPING = YES;
				EXCLUDED_ARCHS = "";
				GCC_GENERATE_DEBUGGING_SYMBOLS = NO;
				GCC_OPTIMIZATION_LEVEL = 3;
				GCC_PREPROCESSOR_DEFINITIONS = (
					"_NDEBUG=1",
					"NDEBUG=1",
					"JUCE_DISPLAY_SPLASH_SCREEN=1",
					"JUCE_USE_DARK_SPLASH_SCREEN=1",
					"JUCE_PROJUCER_VERSION=0x70005",
					"JUCE_MODULE_AVAILABLE_juce_audio_basics=1",
					"JUCE_MODULE_AVAILABLE_juce_audio_devices=1",
					"JUCE_MODULE_AVAILABLE_juce_audio_formats=1",
					"JUCE_MODULE_AVAILABLE_juce_audio_plugin_client=1",
					"JUCE_MODULE_AVAILABLE_juce_audio_processors=1",
					"JUCE_MODULE_AVAILABLE_juce_audio_utils=1",
					"JUCE_MODULE_AVAILABLE_juce_core=1",
					"JUCE_MODULE_AVAILABLE_juce_data_structures=1",
					"JUCE_MODULE_AVAILABLE_juce_dsp=1",
					"JUCE_MODULE_AVAILABLE_juce_events=1",
					"JUCE_MODULE_AVAILABLE_juce_graphics=1",
					"JUCE_MODULE_AVAILABLE_juce_gui_basics=1",
					"JUCE_MODULE_AVAILABLE_juce_gui_extra=1",
					"JUCE_MODULE_AVAILABLE_juce_osc=1",
					"JUCE_GLOBAL_MODULE_SETTINGS_INCLUDED=1",
					"JUCE_VST3_CAN_REPLACE_VST2=0",
					"JUCE_STRICT_REFCOUNTEDPOINTER=1",
					"JucePlugin_Build_VST=0",
					"JucePlugin_Build_VST3=1",
					"JucePlugin_Build_AU=0",
					"JucePlugin_Build_AUv3=0",
					"JucePlugin_Build_AAX=0",
					"JucePlugin_Build_Standalone=1",
					"JucePlugin_Build_Unity=0",
					"JucePlugin_Build_LV2=0",
					"JucePlugin_Enable_IAA=0",
					"JucePlugin_Enable_ARA=0",
					"JucePlugin_Name=\\\"juce_mmm_synth\\\"",
					"JucePlugin_Desc=\\\"juce_mmm_synth\\\"",
					"JucePlugin_Manufacturer=\\\"Oliver\\ Cordes\\\"",
					"JucePlugin_ManufacturerWebsite=\\\"www.chief-ocordes.de\\\"",
					"JucePlugin_ManufacturerEmail=\\\"ocordes@gmx.net\\\"",
					"JucePlugin_ManufacturerCode=0x4d616e75",
					"JucePlugin_PluginCode=0x59346569",
					"JucePlugin_IsSynth=1",
					"JucePlugin_WantsMidiInput=1",
					"JucePlugin_ProducesMidiOutput=0",
					"JucePlugin_IsMidiEffect=0",
					"JucePlugin_EditorRequiresKeyboardFocus=0",
					"JucePlugin_Version=1.0.0",
					"JucePlugin_VersionCode=0x10000",
					"JucePlugin_VersionString=\\\"1.0.0\\\"",
					"JucePlugin_VSTUniqueID=JucePlugin_PluginCode",
					"JucePlugin_VSTCategory=kPlugCategSynth",
					"JucePlugin_Vst3Category=\\\"Instrument|Synth\\\"",
					"JucePlugin_AUMainType=\\'aumu\\'",
					"JucePlugin_AUSubType=JucePlugin_PluginCode",
					"JucePlugin_AUExportPrefix=juce_mmm_synthAU",
					"JucePlugin_AUExportPrefixQuoted=\\\"juce_mmm_synthAU\\\"",
					"JucePlugin_AUManufacturerCode=JucePlugin_ManufacturerCode",
					"JucePlugin_CFBundleIdentifier=com.OliverCordes.juce_mmm_synth",
					"JucePlugin_AAXIdentifier=com.OliverCordes.juce_mmm_synth",
					"JucePlugin_AAXManufacturerCode=JucePlugin_ManufacturerCode",
					"JucePlugin_AAXProductId=JucePlugin_PluginCode",
					"JucePlugin_AAXCategory=2048",
					"JucePlugin_AAXDisableBypass=0",
					"JucePlugin_AAXDisableMultiMono=0",
					"JucePlugin_IAAType=0x61757269",
					"JucePlugin_IAASubType=JucePlugin_PluginCode",
					"JucePlugin_IAAName=\\\"Oliver\\ Cordes:\\ juce_mmm_synth\\\"",
					"JucePlugin_VSTNumMidiInputs=16",
					"JucePlugin_VSTNumMidiOutputs=16",
					"JucePlugin_ARAContentTypes=0",
					"JucePlugin_ARATransformationFlags=0",
					"JucePlugin_ARAFactoryID=\\\"com.OliverCordes.juce_mmm_synth.factory\\\"",
					"JucePlugin_ARADocumentArchiveID=\\\"com.OliverCordes.juce_mmm_synth.aradocumentarchive.1.0.0\\\"",
					"JucePlugin_ARACompatibleArchiveIDs=\\\"\\\"",
					"JUCE_STANDALONE_APPLICATION=JucePlugin_Build_Standalone",
					"JUCER_XCODE_MAC_F6D2F4CF=1",
					"JUCE_APP_VERSION=1.0.0",
					"JUCE_APP_VERSION_HEX=0x10000",
					"JUCE_SHARED_CODE=1",
				);
				GCC_VERSION = com.apple.compilers.llvm.clang.1_0;
				HEADER_SEARCH_PATHS = (
					"/Users/ocordes/JUCE/JUCE-7.0.5/modules/juce_audio_processors/format_types/VST3_SDK",
					"$(SRCROOT)/../../JuceLibraryCode",
					"/Users/ocordes/JUCE/JUCE-7.0.5/modules",
					"/Users/ocordes/JUCE/JUCE-7.0.5/modules/juce_audio_plugin_client/AU",
					"$(inherited)",
				);
				INSTALL_PATH = "@executable_path/../Frameworks";
				LLVM_LTO = YES;
				MACOSX_DEPLOYMENT_TARGET = "$(RECOMMENDED_MACOSX_DEPLOYMENT_TARGET)";
				MTL_HEADER_SEARCH_PATHS = "/Users/ocordes/JUCE/JUCE-7.0.5/modules/juce_audio_processors/format_types/VST3_SDK $(SRCROOT)/../../JuceLibraryCode /Users/ocordes/JUCE/JUCE-7.0.5/modules /Users/ocordes/JUCE/JUCE-7.0.5/modules/juce_audio_plugin_client/AU";
				OTHER_LDFLAGS = (
					"-weak_framework",
					Metal,
					"-weak_framework",
					MetalKit,
				);
				PRODUCT_BUNDLE_IDENTIFIER = com.OliverCordes.juce_mmm_synth;
				PRODUCT_NAME = juce_mmm_synth;
				SKIP_INSTALL = YES;
				USE_HEADERMAP = NO;
				VALID_ARCHS = "i386 x86_64 arm64 arm64e";
			};
			name = Release;
		};
		C66BF916178E45E70E010869 /* Release */ = {
			isa = XCBuildConfiguration;
			buildSettings = {
				CLANG_CXX_LANGUAGE_STANDARD = "c++17";
				CLANG_CXX_LIBRARY = "libc++";
				CLANG_LINK_OBJC_RUNTIME = NO;
				COMBINE_HIDPI_IMAGES = YES;
				CONFIGURATION_BUILD_DIR = "$(PROJECT_DIR)/build/$(CONFIGURATION)";
				DEAD_CODE_STRIPPING = YES;
				EXCLUDED_ARCHS = "";
				GCC_GENERATE_DEBUGGING_SYMBOLS = NO;
				GCC_OPTIMIZATION_LEVEL = 3;
				GCC_PREPROCESSOR_DEFINITIONS = (
					"_NDEBUG=1",
					"NDEBUG=1",
					"JUCE_DISPLAY_SPLASH_SCREEN=1",
					"JUCE_USE_DARK_SPLASH_SCREEN=1",
					"JUCE_PROJUCER_VERSION=0x70005",
					"JUCE_MODULE_AVAILABLE_juce_audio_basics=1",
					"JUCE_MODULE_AVAILABLE_juce_audio_devices=1",
					"JUCE_MODULE_AVAILABLE_juce_audio_formats=1",
					"JUCE_MODULE_AVAILABLE_juce_audio_plugin_client=1",
					"JUCE_MODULE_AVAILABLE_juce_audio_processors=1",
					"JUCE_MODULE_AVAILABLE_juce_audio_utils=1",
					"JUCE_MODULE_AVAILABLE_juce_core=1",
					"JUCE_MODULE_AVAILABLE_juce_data_structures=1",
					"JUCE_MODULE_AVAILABLE_juce_dsp=1",
					"JUCE_MODULE_AVAILABLE_juce_events=1",
					"JUCE_MODULE_AVAILABLE_juce_graphics=1",
					"JUCE_MODULE_AVAILABLE_juce_gui_basics=1",
					"JUCE_MODULE_AVAILABLE_juce_gui_extra=1",
					"JUCE_MODULE_AVAILABLE_juce_osc=1",
					"JUCE_GLOBAL_MODULE_SETTINGS_INCLUDED=1",
					"JUCE_VST3_CAN_REPLACE_VST2=0",
					"JUCE_STRICT_REFCOUNTEDPOINTER=1",
					"JucePlugin_Build_VST=0",
					"JucePlugin_Build_VST3=0",
					"JucePlugin_Build_AU=0",
					"JucePlugin_Build_AUv3=0",
					"JucePlugin_Build_AAX=0",
					"JucePlugin_Build_Standalone=1",
					"JucePlugin_Build_Unity=0",
					"JucePlugin_Build_LV2=0",
					"JucePlugin_Enable_IAA=0",
					"JucePlugin_Enable_ARA=0",
					"JucePlugin_Name=\\\"juce_mmm_synth\\\"",
					"JucePlugin_Desc=\\\"juce_mmm_synth\\\"",
					"JucePlugin_Manufacturer=\\\"Oliver\\ Cordes\\\"",
					"JucePlugin_ManufacturerWebsite=\\\"www.chief-ocordes.de\\\"",
					"JucePlugin_ManufacturerEmail=\\\"ocordes@gmx.net\\\"",
					"JucePlugin_ManufacturerCode=0x4d616e75",
					"JucePlugin_PluginCode=0x59346569",
					"JucePlugin_IsSynth=1",
					"JucePlugin_WantsMidiInput=1",
					"JucePlugin_ProducesMidiOutput=0",
					"JucePlugin_IsMidiEffect=0",
					"JucePlugin_EditorRequiresKeyboardFocus=0",
					"JucePlugin_Version=1.0.0",
					"JucePlugin_VersionCode=0x10000",
					"JucePlugin_VersionString=\\\"1.0.0\\\"",
					"JucePlugin_VSTUniqueID=JucePlugin_PluginCode",
					"JucePlugin_VSTCategory=kPlugCategSynth",
					"JucePlugin_Vst3Category=\\\"Instrument|Synth\\\"",
					"JucePlugin_AUMainType=\\'aumu\\'",
					"JucePlugin_AUSubType=JucePlugin_PluginCode",
					"JucePlugin_AUExportPrefix=juce_mmm_synthAU",
					"JucePlugin_AUExportPrefixQuoted=\\\"juce_mmm_synthAU\\\"",
					"JucePlugin_AUManufacturerCode=JucePlugin_ManufacturerCode",
					"JucePlugin_CFBundleIdentifier=com.OliverCordes.juce_mmm_synth",
					"JucePlugin_AAXIdentifier=com.OliverCordes.juce_mmm_synth",
					"JucePlugin_AAXManufacturerCode=JucePlugin_ManufacturerCode",
					"JucePlugin_AAXProductId=JucePlugin_PluginCode",
					"JucePlugin_AAXCategory=2048",
					"JucePlugin_AAXDisableBypass=0",
					"JucePlugin_AAXDisableMultiMono=0",
					"JucePlugin_IAAType=0x61757269",
					"JucePlugin_IAASubType=JucePlugin_PluginCode",
					"JucePlugin_IAAName=\\\"Oliver\\ Cordes:\\ juce_mmm_synth\\\"",
					"JucePlugin_VSTNumMidiInputs=16",
					"JucePlugin_VSTNumMidiOutputs=16",
					"JucePlugin_ARAContentTypes=0",
					"JucePlugin_ARATransformationFlags=0",
					"JucePlugin_ARAFactoryID=\\\"com.OliverCordes.juce_mmm_synth.factory\\\"",
					"JucePlugin_ARADocumentArchiveID=\\\"com.OliverCordes.juce_mmm_synth.aradocumentarchive.1.0.0\\\"",
					"JucePlugin_ARACompatibleArchiveIDs=\\\"\\\"",
					"JUCE_STANDALONE_APPLICATION=JucePlugin_Build_Standalone",
					"JUCER_XCODE_MAC_F6D2F4CF=1",
					"JUCE_APP_VERSION=1.0.0",
					"JUCE_APP_VERSION_HEX=0x10000",
				);
				GCC_VERSION = com.apple.compilers.llvm.clang.1_0;
				HEADER_SEARCH_PATHS = (
					"/Users/ocordes/JUCE/JUCE-7.0.5/modules/juce_audio_processors/format_types/VST3_SDK",
					"$(SRCROOT)/../../JuceLibraryCode",
					"/Users/ocordes/JUCE/JUCE-7.0.5/modules",
					"/Users/ocordes/JUCE/JUCE-7.0.5/modules/juce_audio_plugin_client/AU",
					"$(inherited)",
				);
				INFOPLIST_FILE = "Info-Standalone_Plugin.plist";
				INFOPLIST_PREPROCESS = NO;
				LLVM_LTO = YES;
				MACOSX_DEPLOYMENT_TARGET = "$(RECOMMENDED_MACOSX_DEPLOYMENT_TARGET)";
				MTL_HEADER_SEARCH_PATHS = "/Users/ocordes/JUCE/JUCE-7.0.5/modules/juce_audio_processors/format_types/VST3_SDK $(SRCROOT)/../../JuceLibraryCode /Users/ocordes/JUCE/JUCE-7.0.5/modules /Users/ocordes/JUCE/JUCE-7.0.5/modules/juce_audio_plugin_client/AU";
				OTHER_LDFLAGS = (
					"-ljuce_mmm_synth",
					"-weak_framework",
					Metal,
					"-weak_framework",
					MetalKit,
				);
				PRODUCT_BUNDLE_IDENTIFIER = com.OliverCordes.juce_mmm_synth;
				PRODUCT_NAME = juce_mmm_synth;
				USE_HEADERMAP = NO;
				VALID_ARCHS = "i386 x86_64 arm64 arm64e";
			};
			name = Release;
		};
		E809AEF6B45B9F8C2A425A5F /* Release */ = {
			isa = XCBuildConfiguration;
			buildSettings = {
				DEAD_CODE_STRIPPING = YES;
				MACOSX_DEPLOYMENT_TARGET = "$(RECOMMENDED_MACOSX_DEPLOYMENT_TARGET)";
				SDKROOT = macosx;
			};
			name = Release;
		};
		EEA141F8C894633F1011B634 /* Release */ = {
			isa = XCBuildConfiguration;
			buildSettings = {
				ALWAYS_SEARCH_USER_PATHS = NO;
				CLANG_ENABLE_OBJC_WEAK = YES;
				CLANG_WARN_BLOCK_CAPTURE_AUTORELEASING = YES;
				CLANG_WARN_BOOL_CONVERSION = YES;
				CLANG_WARN_COMMA = YES;
				CLANG_WARN_CONSTANT_CONVERSION = YES;
				CLANG_WARN_DEPRECATED_OBJC_IMPLEMENTATIONS = YES;
				CLANG_WARN_EMPTY_BODY = YES;
				CLANG_WARN_ENUM_CONVERSION = YES;
				CLANG_WARN_INFINITE_RECURSION = YES;
				CLANG_WARN_INT_CONVERSION = YES;
				CLANG_WARN_NON_LITERAL_NULL_CONVERSION = YES;
				CLANG_WARN_OBJC_IMPLICIT_RETAIN_SELF = YES;
				CLANG_WARN_OBJC_LITERAL_CONVERSION = YES;
				CLANG_WARN_QUOTED_INCLUDE_IN_FRAMEWORK_HEADER = YES;
				CLANG_WARN_RANGE_LOOP_ANALYSIS = YES;
				CLANG_WARN_STRICT_PROTOTYPES = YES;
				CLANG_WARN_SUSPICIOUS_MOVE = YES;
				CLANG_WARN_UNREACHABLE_CODE = YES;
				CLANG_WARN__DUPLICATE_METHOD_MATCH = YES;
				DEAD_CODE_STRIPPING = YES;
				DEBUG_INFORMATION_FORMAT = dwarf;
				ENABLE_STRICT_OBJC_MSGSEND = YES;
				ENABLE_TESTABILITY = NO;
				GCC_C_LANGUAGE_STANDARD = c11;
				GCC_INLINES_ARE_PRIVATE_EXTERN = YES;
				GCC_MODEL_TUNING = G5;
				GCC_NO_COMMON_BLOCKS = YES;
				GCC_SYMBOLS_PRIVATE_EXTERN = YES;
				GCC_WARN_64_TO_32_BIT_CONVERSION = YES;
				GCC_WARN_ABOUT_RETURN_TYPE = YES;
				GCC_WARN_CHECK_SWITCH_STATEMENTS = YES;
				GCC_WARN_MISSING_PARENTHESES = YES;
				GCC_WARN_NON_VIRTUAL_DESTRUCTOR = YES;
				GCC_WARN_TYPECHECK_CALLS_TO_PRINTF = YES;
				GCC_WARN_UNDECLARED_SELECTOR = YES;
				GCC_WARN_UNINITIALIZED_AUTOS = YES;
				GCC_WARN_UNUSED_FUNCTION = YES;
				GCC_WARN_UNUSED_VARIABLE = YES;
				ONLY_ACTIVE_ARCH = YES;
				PRODUCT_NAME = juce_mmm_synth;
				SDKROOT = macosx;
				WARNING_CFLAGS = "-Wreorder";
				ZERO_LINK = NO;
			};
			name = Release;
		};
		FD5B69CC69B53D548717060C /* Debug */ = {
			isa = XCBuildConfiguration;
			buildSettings = {
				ALWAYS_SEARCH_USER_PATHS = NO;
				CLANG_ENABLE_OBJC_WEAK = YES;
				CLANG_WARN_BLOCK_CAPTURE_AUTORELEASING = YES;
				CLANG_WARN_BOOL_CONVERSION = YES;
				CLANG_WARN_COMMA = YES;
				CLANG_WARN_CONSTANT_CONVERSION = YES;
				CLANG_WARN_DEPRECATED_OBJC_IMPLEMENTATIONS = YES;
				CLANG_WARN_EMPTY_BODY = YES;
				CLANG_WARN_ENUM_CONVERSION = YES;
				CLANG_WARN_INFINITE_RECURSION = YES;
				CLANG_WARN_INT_CONVERSION = YES;
				CLANG_WARN_NON_LITERAL_NULL_CONVERSION = YES;
				CLANG_WARN_OBJC_IMPLICIT_RETAIN_SELF = YES;
				CLANG_WARN_OBJC_LITERAL_CONVERSION = YES;
				CLANG_WARN_QUOTED_INCLUDE_IN_FRAMEWORK_HEADER = YES;
				CLANG_WARN_RANGE_LOOP_ANALYSIS = YES;
				CLANG_WARN_STRICT_PROTOTYPES = YES;
				CLANG_WARN_SUSPICIOUS_MOVE = YES;
				CLANG_WARN_UNREACHABLE_CODE = YES;
				CLANG_WARN__DUPLICATE_METHOD_MATCH = YES;
				DEAD_CODE_STRIPPING = YES;
				DEBUG_INFORMATION_FORMAT = dwarf;
				ENABLE_STRICT_OBJC_MSGSEND = YES;
				ENABLE_TESTABILITY = YES;
				GCC_C_LANGUAGE_STANDARD = c11;
				GCC_INLINES_ARE_PRIVATE_EXTERN = YES;
				GCC_MODEL_TUNING = G5;
				GCC_NO_COMMON_BLOCKS = YES;
				GCC_SYMBOLS_PRIVATE_EXTERN = YES;
				GCC_WARN_64_TO_32_BIT_CONVERSION = YES;
				GCC_WARN_ABOUT_RETURN_TYPE = YES;
				GCC_WARN_CHECK_SWITCH_STATEMENTS = YES;
				GCC_WARN_MISSING_PARENTHESES = YES;
				GCC_WARN_NON_VIRTUAL_DESTRUCTOR = YES;
				GCC_WARN_TYPECHECK_CALLS_TO_PRINTF = YES;
				GCC_WARN_UNDECLARED_SELECTOR = YES;
				GCC_WARN_UNINITIALIZED_AUTOS = YES;
				GCC_WARN_UNUSED_FUNCTION = YES;
				GCC_WARN_UNUSED_VARIABLE = YES;
				ONLY_ACTIVE_ARCH = NO;
				PRODUCT_NAME = juce_mmm_synth;
				SDKROOT = macosx;
				WARNING_CFLAGS = "-Wreorder";
				ZERO_LINK = NO;
			};
			name = Debug;
		};
		FF06998100AD267BF6627216 /* Release */ = {
			isa = XCBuildConfiguration;
			buildSettings = {
				CLANG_CXX_LANGUAGE_STANDARD = "c++17";
				CLANG_CXX_LIBRARY = "libc++";
				CLANG_LINK_OBJC_RUNTIME = NO;
				COMBINE_HIDPI_IMAGES = YES;
				CONFIGURATION_BUILD_DIR = "$(PROJECT_DIR)/build/$(CONFIGURATION)";
				DEAD_CODE_STRIPPING = YES;
				DEPLOYMENT_LOCATION = YES;
				DSTROOT = /;
				EXCLUDED_ARCHS = "";
				GCC_GENERATE_DEBUGGING_SYMBOLS = NO;
				GCC_OPTIMIZATION_LEVEL = 3;
				GCC_PREPROCESSOR_DEFINITIONS = (
					"_NDEBUG=1",
					"NDEBUG=1",
					"JUCE_DISPLAY_SPLASH_SCREEN=1",
					"JUCE_USE_DARK_SPLASH_SCREEN=1",
					"JUCE_PROJUCER_VERSION=0x70005",
					"JUCE_MODULE_AVAILABLE_juce_audio_basics=1",
					"JUCE_MODULE_AVAILABLE_juce_audio_devices=1",
					"JUCE_MODULE_AVAILABLE_juce_audio_formats=1",
					"JUCE_MODULE_AVAILABLE_juce_audio_plugin_client=1",
					"JUCE_MODULE_AVAILABLE_juce_audio_processors=1",
					"JUCE_MODULE_AVAILABLE_juce_audio_utils=1",
					"JUCE_MODULE_AVAILABLE_juce_core=1",
					"JUCE_MODULE_AVAILABLE_juce_data_structures=1",
					"JUCE_MODULE_AVAILABLE_juce_dsp=1",
					"JUCE_MODULE_AVAILABLE_juce_events=1",
					"JUCE_MODULE_AVAILABLE_juce_graphics=1",
					"JUCE_MODULE_AVAILABLE_juce_gui_basics=1",
					"JUCE_MODULE_AVAILABLE_juce_gui_extra=1",
					"JUCE_MODULE_AVAILABLE_juce_osc=1",
					"JUCE_GLOBAL_MODULE_SETTINGS_INCLUDED=1",
					"JUCE_VST3_CAN_REPLACE_VST2=0",
					"JUCE_STRICT_REFCOUNTEDPOINTER=1",
					"JucePlugin_Build_VST=0",
					"JucePlugin_Build_VST3=1",
					"JucePlugin_Build_AU=0",
					"JucePlugin_Build_AUv3=0",
					"JucePlugin_Build_AAX=0",
					"JucePlugin_Build_Standalone=0",
					"JucePlugin_Build_Unity=0",
					"JucePlugin_Build_LV2=0",
					"JucePlugin_Enable_IAA=0",
					"JucePlugin_Enable_ARA=0",
					"JucePlugin_Name=\\\"juce_mmm_synth\\\"",
					"JucePlugin_Desc=\\\"juce_mmm_synth\\\"",
					"JucePlugin_Manufacturer=\\\"Oliver\\ Cordes\\\"",
					"JucePlugin_ManufacturerWebsite=\\\"www.chief-ocordes.de\\\"",
					"JucePlugin_ManufacturerEmail=\\\"ocordes@gmx.net\\\"",
					"JucePlugin_ManufacturerCode=0x4d616e75",
					"JucePlugin_PluginCode=0x59346569",
					"JucePlugin_IsSynth=1",
					"JucePlugin_WantsMidiInput=1",
					"JucePlugin_ProducesMidiOutput=0",
					"JucePlugin_IsMidiEffect=0",
					"JucePlugin_EditorRequiresKeyboardFocus=0",
					"JucePlugin_Version=1.0.0",
					"JucePlugin_VersionCode=0x10000",
					"JucePlugin_VersionString=\\\"1.0.0\\\"",
					"JucePlugin_VSTUniqueID=JucePlugin_PluginCode",
					"JucePlugin_VSTCategory=kPlugCategSynth",
					"JucePlugin_Vst3Category=\\\"Instrument|Synth\\\"",
					"JucePlugin_AUMainType=\\'aumu\\'",
					"JucePlugin_AUSubType=JucePlugin_PluginCode",
					"JucePlugin_AUExportPrefix=juce_mmm_synthAU",
					"JucePlugin_AUExportPrefixQuoted=\\\"juce_mmm_synthAU\\\"",
					"JucePlugin_AUManufacturerCode=JucePlugin_ManufacturerCode",
					"JucePlugin_CFBundleIdentifier=com.OliverCordes.juce_mmm_synth",
					"JucePlugin_AAXIdentifier=com.OliverCordes.juce_mmm_synth",
					"JucePlugin_AAXManufacturerCode=JucePlugin_ManufacturerCode",
					"JucePlugin_AAXProductId=JucePlugin_PluginCode",
					"JucePlugin_AAXCategory=2048",
					"JucePlugin_AAXDisableBypass=0",
					"JucePlugin_AAXDisableMultiMono=0",
					"JucePlugin_IAAType=0x61757269",
					"JucePlugin_IAASubType=JucePlugin_PluginCode",
					"JucePlugin_IAAName=\\\"Oliver\\ Cordes:\\ juce_mmm_synth\\\"",
					"JucePlugin_VSTNumMidiInputs=16",
					"JucePlugin_VSTNumMidiOutputs=16",
					"JucePlugin_ARAContentTypes=0",
					"JucePlugin_ARATransformationFlags=0",
					"JucePlugin_ARAFactoryID=\\\"com.OliverCordes.juce_mmm_synth.factory\\\"",
					"JucePlugin_ARADocumentArchiveID=\\\"com.OliverCordes.juce_mmm_synth.aradocumentarchive.1.0.0\\\"",
					"JucePlugin_ARACompatibleArchiveIDs=\\\"\\\"",
					"JUCE_STANDALONE_APPLICATION=JucePlugin_Build_Standalone",
					"JUCER_XCODE_MAC_F6D2F4CF=1",
					"JUCE_APP_VERSION=1.0.0",
					"JUCE_APP_VERSION_HEX=0x10000",
				);
				GCC_VERSION = com.apple.compilers.llvm.clang.1_0;
				GENERATE_PKGINFO_FILE = YES;
				HEADER_SEARCH_PATHS = (
					"/Users/ocordes/JUCE/JUCE-7.0.5/modules/juce_audio_processors/format_types/VST3_SDK",
					"$(SRCROOT)/../../JuceLibraryCode",
					"/Users/ocordes/JUCE/JUCE-7.0.5/modules",
					"/Users/ocordes/JUCE/JUCE-7.0.5/modules/juce_audio_plugin_client/AU",
					"$(inherited)",
				);
				INFOPLIST_FILE = "Info-VST3.plist";
				INFOPLIST_PREPROCESS = NO;
				INSTALL_PATH = "$(HOME)/Library/Audio/Plug-Ins/VST3/";
				LIBRARY_STYLE = Bundle;
				LLVM_LTO = YES;
				MACOSX_DEPLOYMENT_TARGET = "$(RECOMMENDED_MACOSX_DEPLOYMENT_TARGET)";
				MTL_HEADER_SEARCH_PATHS = "/Users/ocordes/JUCE/JUCE-7.0.5/modules/juce_audio_processors/format_types/VST3_SDK $(SRCROOT)/../../JuceLibraryCode /Users/ocordes/JUCE/JUCE-7.0.5/modules /Users/ocordes/JUCE/JUCE-7.0.5/modules/juce_audio_plugin_client/AU";
				OTHER_LDFLAGS = (
					"-bundle",
					"-ljuce_mmm_synth",
					"-weak_framework",
					Metal,
					"-weak_framework",
					MetalKit,
				);
				PRODUCT_BUNDLE_IDENTIFIER = com.OliverCordes.juce_mmm_synth;
				PRODUCT_NAME = juce_mmm_synth;
				USE_HEADERMAP = NO;
				VALID_ARCHS = "i386 x86_64 arm64 arm64e";
				WRAPPER_EXTENSION = vst3;
			};
			name = Release;
		};
/* End XCBuildConfiguration section */

/* Begin XCConfigurationList section */
		0F788194331ADB1B3C0B5E0E /* Build configuration list for PBXNativeTarget "juce_mmm_synth - Standalone Plugin" */ = {
			isa = XCConfigurationList;
			buildConfigurations = (
				6B9A1B874B91B80D332BD43D /* Debug */,
				C66BF916178E45E70E010869 /* Release */,
			);
			defaultConfigurationIsVisible = 0;
			defaultConfigurationName = Release;
		};
		27F510261D73569B4F831D4F /* Build configuration list for PBXNativeTarget "juce_mmm_synth - VST3" */ = {
			isa = XCConfigurationList;
			buildConfigurations = (
				5EA1C6CAAB241DEF281814F3 /* Debug */,
				FF06998100AD267BF6627216 /* Release */,
			);
			defaultConfigurationIsVisible = 0;
			defaultConfigurationName = Release;
		};
		44945456C6CEAF669D416E75 /* Build configuration list for PBXAggregateTarget "juce_mmm_synth - All" */ = {
			isa = XCConfigurationList;
			buildConfigurations = (
				14F261BFADDDD3CEB84A3B7B /* Debug */,
				E809AEF6B45B9F8C2A425A5F /* Release */,
			);
			defaultConfigurationIsVisible = 0;
			defaultConfigurationName = Release;
		};
		89E3510B626EE64D2CE9FCDD /* Build configuration list for PBXNativeTarget "juce_mmm_synth - Shared Code" */ = {
			isa = XCConfigurationList;
			buildConfigurations = (
				788F5359FF138213C38F024C /* Debug */,
				7DC2F1BE0C4EEB23144F6034 /* Release */,
			);
			defaultConfigurationIsVisible = 0;
			defaultConfigurationName = Release;
		};
		F267125B30DD3409E4085BE1 /* Build configuration list for PBXProject "juce_mmm_synth" */ = {
			isa = XCConfigurationList;
			buildConfigurations = (
				EEA141F8C894633F1011B634 /* Release */,
				FD5B69CC69B53D548717060C /* Debug */,
			);
			defaultConfigurationIsVisible = 0;
			defaultConfigurationName = Release;
		};
/* End XCConfigurationList section */
	};
	rootObject = 5D6D403CE16869966338CE6A /* Project object */;
}
